// !$*UTF8*$!
{
	archiveVersion = 1;
	classes = {
	};
	objectVersion = 70;
	objects = {

/* Begin PBXBuildFile section */
		E161555E2D9D914600F7D658 /* Notes in Resources */ = {isa = PBXBuildFile; fileRef = E161555D2D9D914600F7D658 /* Notes */; };
		E17A7F402E5F71E30056B554 /* KeychainService.swift in Sources */ = {isa = PBXBuildFile; fileRef = E17A7F3F2E5F71E30056B554 /* KeychainService.swift */; };
		E17A7F422E5F72790056B554 /* LoginView.swift in Sources */ = {isa = PBXBuildFile; fileRef = E17A7F412E5F72790056B554 /* LoginView.swift */; };
		E17C43272DEFA082005E3ACC /* NewRedidentDetail.swift in Sources */ = {isa = PBXBuildFile; fileRef = E17C43262DEFA082005E3ACC /* NewRedidentDetail.swift */; };
		E1A4349A2DD5018800BDE071 /* RMLease.swift in Sources */ = {isa = PBXBuildFile; fileRef = E1A4345F2DD5018800BDE071 /* RMLease.swift */; };
		E1A4349B2DD5018800BDE071 /* TenantParams.swift in Sources */ = {isa = PBXBuildFile; fileRef = E1A434552DD5018800BDE071 /* TenantParams.swift */; };
		E1A4349C2DD5018800BDE071 /* APIEndpointsFilter.swift in Sources */ = {isa = PBXBuildFile; fileRef = E1A434542DD5018800BDE071 /* APIEndpointsFilter.swift */; };
		E1A4349D2DD5018800BDE071 /* RMPhoneNumber.swift in Sources */ = {isa = PBXBuildFile; fileRef = E1A434642DD5018800BDE071 /* RMPhoneNumber.swift */; };
		E1A4349E2DD5018800BDE071 /* HavenResidentsView.swift in Sources */ = {isa = PBXBuildFile; fileRef = E1A434832DD5018800BDE071 /* HavenResidentsView.swift */; };
		E1A4349F2DD5018800BDE071 /* RMAddress.swift in Sources */ = {isa = PBXBuildFile; fileRef = E1A4345B2DD5018800BDE071 /* RMAddress.swift */; };
		E1A434A02DD5018800BDE071 /* RMLoan.swift in Sources */ = {isa = PBXBuildFile; fileRef = E1A434602DD5018800BDE071 /* RMLoan.swift */; };
		E1A434A12DD5018800BDE071 /* ResidentDetailView.swift in Sources */ = {isa = PBXBuildFile; fileRef = E1A434852DD5018800BDE071 /* ResidentDetailView.swift */; };
		E1A434A22DD5018800BDE071 /* URLBuilder.swift in Sources */ = {isa = PBXBuildFile; fileRef = E1A434742DD5018800BDE071 /* URLBuilder.swift */; };
		E1A434A32DD5018800BDE071 /* ViolationBuilderView.swift in Sources */ = {isa = PBXBuildFile; fileRef = E1A434872DD5018800BDE071 /* ViolationBuilderView.swift */; };
		E1A434A42DD5018800BDE071 /* UnitParams.swift in Sources */ = {isa = PBXBuildFile; fileRef = E1A434802DD5018800BDE071 /* UnitParams.swift */; };
		E1A434A52DD5018800BDE071 /* WCLeaseTenant.swift in Sources */ = {isa = PBXBuildFile; fileRef = E1A4346E2DD5018800BDE071 /* WCLeaseTenant.swift */; };
		E1A434A62DD5018800BDE071 /* RMChargeType.swift in Sources */ = {isa = PBXBuildFile; fileRef = E1A4345D2DD5018800BDE071 /* RMChargeType.swift */; };
		E1A434A72DD5018800BDE071 /* RMCharge.swift in Sources */ = {isa = PBXBuildFile; fileRef = E1A4345C2DD5018800BDE071 /* RMCharge.swift */; };
		E1A434A82DD5018800BDE071 /* RentManagerAPIClient.swift in Sources */ = {isa = PBXBuildFile; fileRef = E1A434722DD5018800BDE071 /* RentManagerAPIClient.swift */; };
		E1A434A92DD5018800BDE071 /* RMContact.swift in Sources */ = {isa = PBXBuildFile; fileRef = E1A4345E2DD5018800BDE071 /* RMContact.swift */; };
		E1A434AA2DD5018800BDE071 /* RMProperty.swift in Sources */ = {isa = PBXBuildFile; fileRef = E1A434652DD5018800BDE071 /* RMProperty.swift */; };
		E1A434AB2DD5018800BDE071 /* RMPayment.swift in Sources */ = {isa = PBXBuildFile; fileRef = E1A434622DD5018800BDE071 /* RMPayment.swift */; };
		E1A434AC2DD5018800BDE071 /* MailingLabelView.swift in Sources */ = {isa = PBXBuildFile; fileRef = E1A4348B2DD5018800BDE071 /* MailingLabelView.swift */; };
		E1A434AD2DD5018800BDE071 /* RMRecurringCharges.swift in Sources */ = {isa = PBXBuildFile; fileRef = E1A434672DD5018800BDE071 /* RMRecurringCharges.swift */; };
		E1A434AE2DD5018800BDE071 /* RMUserDefinedValue.swift in Sources */ = {isa = PBXBuildFile; fileRef = E1A4346D2DD5018800BDE071 /* RMUserDefinedValue.swift */; };
		E1A434AF2DD5018800BDE071 /* RMPaymentReversal.swift in Sources */ = {isa = PBXBuildFile; fileRef = E1A434632DD5018800BDE071 /* RMPaymentReversal.swift */; };
		E1A434B02DD5018800BDE071 /* RMRecurringChargesSummary.swift in Sources */ = {isa = PBXBuildFile; fileRef = E1A434682DD5018800BDE071 /* RMRecurringChargesSummary.swift */; };
		E1A434B12DD5018800BDE071 /* RMUnit.swift in Sources */ = {isa = PBXBuildFile; fileRef = E1A4346B2DD5018800BDE071 /* RMUnit.swift */; };
		E1A434B22DD5018800BDE071 /* UnitDataManager.swift in Sources */ = {isa = PBXBuildFile; fileRef = E1A4347F2DD5018800BDE071 /* UnitDataManager.swift */; };
		E1A434B32DD5018800BDE071 /* ContentView.swift in Sources */ = {isa = PBXBuildFile; fileRef = E1A434892DD5018800BDE071 /* ContentView.swift */; };
		E1A434B42DD5018800BDE071 /* RMUnitType.swift in Sources */ = {isa = PBXBuildFile; fileRef = E1A4346C2DD5018800BDE071 /* RMUnitType.swift */; };
		E1A434B52DD5018800BDE071 /* Rent Increase Notice Home.swift in Sources */ = {isa = PBXBuildFile; fileRef = E1A4348C2DD5018800BDE071 /* Rent Increase Notice Home.swift */; };
		E1A434B62DD5018800BDE071 /* RMOccupancyStatus.swift in Sources */ = {isa = PBXBuildFile; fileRef = E1A434612DD5018800BDE071 /* RMOccupancyStatus.swift */; };
		E1A434B72DD5018800BDE071 /* WCRentIncreaseTenant.swift in Sources */ = {isa = PBXBuildFile; fileRef = E1A4346F2DD5018800BDE071 /* WCRentIncreaseTenant.swift */; };
		E1A434B82DD5018800BDE071 /* DocumentsView.swift in Sources */ = {isa = PBXBuildFile; fileRef = E1A4348A2DD5018800BDE071 /* DocumentsView.swift */; };
		E1A434B92DD5018800BDE071 /* RMTenant.swift in Sources */ = {isa = PBXBuildFile; fileRef = E1A4346A2DD5018800BDE071 /* RMTenant.swift */; };
		E1A434BA2DD5018800BDE071 /* GetBoxNumbersForUDF.swift in Sources */ = {isa = PBXBuildFile; fileRef = E1A4348E2DD5018800BDE071 /* GetBoxNumbersForUDF.swift */; };
		E1A434BB2DD5018800BDE071 /* PS3877FormManager.swift in Sources */ = {isa = PBXBuildFile; fileRef = E1A434772DD5018800BDE071 /* PS3877FormManager.swift */; };
		E1A434BC2DD5018800BDE071 /* TokenManager.swift in Sources */ = {isa = PBXBuildFile; fileRef = E1A434732DD5018800BDE071 /* TokenManager.swift */; };
		E1A434BD2DD5018800BDE071 /* ResidentsHomeView.swift in Sources */ = {isa = PBXBuildFile; fileRef = E1A434862DD5018800BDE071 /* ResidentsHomeView.swift */; };
		E1A434BE2DD5018800BDE071 /* EncodeDecodeHelpers.swift in Sources */ = {isa = PBXBuildFile; fileRef = E1A434582DD5018800BDE071 /* EncodeDecodeHelpers.swift */; };
		E1A434BF2DD5018800BDE071 /* RMProspect.swift in Sources */ = {isa = PBXBuildFile; fileRef = E1A434662DD5018800BDE071 /* RMProspect.swift */; };
		E1A434C02DD5018800BDE071 /* UnitsView.swift in Sources */ = {isa = PBXBuildFile; fileRef = E1A434812DD5018800BDE071 /* UnitsView.swift */; };
		E1A434C12DD5018800BDE071 /* rmProAppApp.swift in Sources */ = {isa = PBXBuildFile; fileRef = E1A434972DD5018800BDE071 /* rmProAppApp.swift */; };
		E1A434C22DD5018800BDE071 /* RMSecurityDepositSummary.swift in Sources */ = {isa = PBXBuildFile; fileRef = E1A434692DD5018800BDE071 /* RMSecurityDepositSummary.swift */; };
		E1A434C32DD5018800BDE071 /* PembrokeResidentsView.swift in Sources */ = {isa = PBXBuildFile; fileRef = E1A434842DD5018800BDE071 /* PembrokeResidentsView.swift */; };
		E1A434C42DD5018800BDE071 /* WCTransaction.swift in Sources */ = {isa = PBXBuildFile; fileRef = E1A434702DD5018800BDE071 /* WCTransaction.swift */; };
		E1A434C52DD5018800BDE071 /* MainAppView.swift in Sources */ = {isa = PBXBuildFile; fileRef = E1A434912DD5018800BDE071 /* MainAppView.swift */; };
		E1A434C72DD5018800BDE071 /* LabelManager.swift in Sources */ = {isa = PBXBuildFile; fileRef = E1A434762DD5018800BDE071 /* LabelManager.swift */; };
		E1A434C82DD5018800BDE071 /* Color+Ext.swift in Sources */ = {isa = PBXBuildFile; fileRef = E1A434572DD5018800BDE071 /* Color+Ext.swift */; };
		E1A434C92DD5018800BDE071 /* SwiftUIAssets.swift in Sources */ = {isa = PBXBuildFile; fileRef = E1A434592DD5018800BDE071 /* SwiftUIAssets.swift */; };
		E1A434CA2DD5018800BDE071 /* HomeView.swift in Sources */ = {isa = PBXBuildFile; fileRef = E1A434902DD5018800BDE071 /* HomeView.swift */; };
		E1A434CB2DD5018800BDE071 /* Assets.xcassets in Resources */ = {isa = PBXBuildFile; fileRef = E1A434932DD5018800BDE071 /* Assets.xcassets */; };
		E1A434CC2DD5018800BDE071 /* Preview Assets.xcassets in Resources */ = {isa = PBXBuildFile; fileRef = E1A4347D2DD5018800BDE071 /* Preview Assets.xcassets */; };
		E1A434CD2DD5018800BDE071 /* Avery 5160 Template PDF.pdf in Resources */ = {isa = PBXBuildFile; fileRef = E1A434942DD5018800BDE071 /* Avery 5160 Template PDF.pdf */; };
		E1A434CE2DD5018800BDE071 /* ps3877.pdf in Resources */ = {isa = PBXBuildFile; fileRef = E1A434952DD5018800BDE071 /* ps3877.pdf */; };
/* End PBXBuildFile section */

/* Begin PBXFileReference section */
		E15501322C63D252000A0726 /* rmProApp.app */ = {isa = PBXFileReference; explicitFileType = wrapper.application; includeInIndex = 0; path = rmProApp.app; sourceTree = BUILT_PRODUCTS_DIR; };
		E161555D2D9D914600F7D658 /* Notes */ = {isa = PBXFileReference; lastKnownFileType = text; path = Notes; sourceTree = "<group>"; };
		E17A7F3F2E5F71E30056B554 /* KeychainService.swift */ = {isa = PBXFileReference; lastKnownFileType = sourcecode.swift; path = KeychainService.swift; sourceTree = "<group>"; };
		E17A7F412E5F72790056B554 /* LoginView.swift */ = {isa = PBXFileReference; lastKnownFileType = sourcecode.swift; path = LoginView.swift; sourceTree = "<group>"; };
		E17C43262DEFA082005E3ACC /* NewRedidentDetail.swift */ = {isa = PBXFileReference; lastKnownFileType = sourcecode.swift; path = NewRedidentDetail.swift; sourceTree = "<group>"; };
		E1A434542DD5018800BDE071 /* APIEndpointsFilter.swift */ = {isa = PBXFileReference; lastKnownFileType = sourcecode.swift; path = APIEndpointsFilter.swift; sourceTree = "<group>"; };
		E1A434552DD5018800BDE071 /* TenantParams.swift */ = {isa = PBXFileReference; lastKnownFileType = sourcecode.swift; path = TenantParams.swift; sourceTree = "<group>"; };
		E1A434572DD5018800BDE071 /* Color+Ext.swift */ = {isa = PBXFileReference; lastKnownFileType = sourcecode.swift; path = "Color+Ext.swift"; sourceTree = "<group>"; };
		E1A434582DD5018800BDE071 /* EncodeDecodeHelpers.swift */ = {isa = PBXFileReference; lastKnownFileType = sourcecode.swift; path = EncodeDecodeHelpers.swift; sourceTree = "<group>"; };
		E1A434592DD5018800BDE071 /* SwiftUIAssets.swift */ = {isa = PBXFileReference; lastKnownFileType = sourcecode.swift; path = SwiftUIAssets.swift; sourceTree = "<group>"; };
		E1A4345B2DD5018800BDE071 /* RMAddress.swift */ = {isa = PBXFileReference; lastKnownFileType = sourcecode.swift; path = RMAddress.swift; sourceTree = "<group>"; };
		E1A4345C2DD5018800BDE071 /* RMCharge.swift */ = {isa = PBXFileReference; lastKnownFileType = sourcecode.swift; path = RMCharge.swift; sourceTree = "<group>"; };
		E1A4345D2DD5018800BDE071 /* RMChargeType.swift */ = {isa = PBXFileReference; lastKnownFileType = sourcecode.swift; path = RMChargeType.swift; sourceTree = "<group>"; };
		E1A4345E2DD5018800BDE071 /* RMContact.swift */ = {isa = PBXFileReference; lastKnownFileType = sourcecode.swift; path = RMContact.swift; sourceTree = "<group>"; };
		E1A4345F2DD5018800BDE071 /* RMLease.swift */ = {isa = PBXFileReference; lastKnownFileType = sourcecode.swift; path = RMLease.swift; sourceTree = "<group>"; };
		E1A434602DD5018800BDE071 /* RMLoan.swift */ = {isa = PBXFileReference; lastKnownFileType = sourcecode.swift; path = RMLoan.swift; sourceTree = "<group>"; };
		E1A434612DD5018800BDE071 /* RMOccupancyStatus.swift */ = {isa = PBXFileReference; lastKnownFileType = sourcecode.swift; path = RMOccupancyStatus.swift; sourceTree = "<group>"; };
		E1A434622DD5018800BDE071 /* RMPayment.swift */ = {isa = PBXFileReference; lastKnownFileType = sourcecode.swift; path = RMPayment.swift; sourceTree = "<group>"; };
		E1A434632DD5018800BDE071 /* RMPaymentReversal.swift */ = {isa = PBXFileReference; lastKnownFileType = sourcecode.swift; path = RMPaymentReversal.swift; sourceTree = "<group>"; };
		E1A434642DD5018800BDE071 /* RMPhoneNumber.swift */ = {isa = PBXFileReference; lastKnownFileType = sourcecode.swift; path = RMPhoneNumber.swift; sourceTree = "<group>"; };
		E1A434652DD5018800BDE071 /* RMProperty.swift */ = {isa = PBXFileReference; lastKnownFileType = sourcecode.swift; path = RMProperty.swift; sourceTree = "<group>"; };
		E1A434662DD5018800BDE071 /* RMProspect.swift */ = {isa = PBXFileReference; lastKnownFileType = sourcecode.swift; path = RMProspect.swift; sourceTree = "<group>"; };
		E1A434672DD5018800BDE071 /* RMRecurringCharges.swift */ = {isa = PBXFileReference; lastKnownFileType = sourcecode.swift; path = RMRecurringCharges.swift; sourceTree = "<group>"; };
		E1A434682DD5018800BDE071 /* RMRecurringChargesSummary.swift */ = {isa = PBXFileReference; lastKnownFileType = sourcecode.swift; path = RMRecurringChargesSummary.swift; sourceTree = "<group>"; };
		E1A434692DD5018800BDE071 /* RMSecurityDepositSummary.swift */ = {isa = PBXFileReference; lastKnownFileType = sourcecode.swift; path = RMSecurityDepositSummary.swift; sourceTree = "<group>"; };
		E1A4346A2DD5018800BDE071 /* RMTenant.swift */ = {isa = PBXFileReference; lastKnownFileType = sourcecode.swift; path = RMTenant.swift; sourceTree = "<group>"; };
		E1A4346B2DD5018800BDE071 /* RMUnit.swift */ = {isa = PBXFileReference; lastKnownFileType = sourcecode.swift; path = RMUnit.swift; sourceTree = "<group>"; };
		E1A4346C2DD5018800BDE071 /* RMUnitType.swift */ = {isa = PBXFileReference; lastKnownFileType = sourcecode.swift; path = RMUnitType.swift; sourceTree = "<group>"; };
		E1A4346D2DD5018800BDE071 /* RMUserDefinedValue.swift */ = {isa = PBXFileReference; lastKnownFileType = sourcecode.swift; path = RMUserDefinedValue.swift; sourceTree = "<group>"; };
		E1A4346E2DD5018800BDE071 /* WCLeaseTenant.swift */ = {isa = PBXFileReference; lastKnownFileType = sourcecode.swift; path = WCLeaseTenant.swift; sourceTree = "<group>"; };
		E1A4346F2DD5018800BDE071 /* WCRentIncreaseTenant.swift */ = {isa = PBXFileReference; lastKnownFileType = sourcecode.swift; path = WCRentIncreaseTenant.swift; sourceTree = "<group>"; };
		E1A434702DD5018800BDE071 /* WCTransaction.swift */ = {isa = PBXFileReference; lastKnownFileType = sourcecode.swift; path = WCTransaction.swift; sourceTree = "<group>"; };
		E1A434722DD5018800BDE071 /* RentManagerAPIClient.swift */ = {isa = PBXFileReference; lastKnownFileType = sourcecode.swift; path = RentManagerAPIClient.swift; sourceTree = "<group>"; };
		E1A434732DD5018800BDE071 /* TokenManager.swift */ = {isa = PBXFileReference; lastKnownFileType = sourcecode.swift; path = TokenManager.swift; sourceTree = "<group>"; };
		E1A434742DD5018800BDE071 /* URLBuilder.swift */ = {isa = PBXFileReference; lastKnownFileType = sourcecode.swift; path = URLBuilder.swift; sourceTree = "<group>"; };
		E1A434762DD5018800BDE071 /* LabelManager.swift */ = {isa = PBXFileReference; lastKnownFileType = sourcecode.swift; path = LabelManager.swift; sourceTree = "<group>"; };
		E1A434772DD5018800BDE071 /* PS3877FormManager.swift */ = {isa = PBXFileReference; lastKnownFileType = sourcecode.swift; path = PS3877FormManager.swift; sourceTree = "<group>"; };
		E1A4347D2DD5018800BDE071 /* Preview Assets.xcassets */ = {isa = PBXFileReference; lastKnownFileType = folder.assetcatalog; path = "Preview Assets.xcassets"; sourceTree = "<group>"; };
		E1A4347F2DD5018800BDE071 /* UnitDataManager.swift */ = {isa = PBXFileReference; lastKnownFileType = sourcecode.swift; path = UnitDataManager.swift; sourceTree = "<group>"; };
		E1A434802DD5018800BDE071 /* UnitParams.swift */ = {isa = PBXFileReference; lastKnownFileType = sourcecode.swift; path = UnitParams.swift; sourceTree = "<group>"; };
		E1A434812DD5018800BDE071 /* UnitsView.swift */ = {isa = PBXFileReference; lastKnownFileType = sourcecode.swift; path = UnitsView.swift; sourceTree = "<group>"; };
		E1A434832DD5018800BDE071 /* HavenResidentsView.swift */ = {isa = PBXFileReference; lastKnownFileType = sourcecode.swift; path = HavenResidentsView.swift; sourceTree = "<group>"; };
		E1A434842DD5018800BDE071 /* PembrokeResidentsView.swift */ = {isa = PBXFileReference; lastKnownFileType = sourcecode.swift; path = PembrokeResidentsView.swift; sourceTree = "<group>"; };
		E1A434852DD5018800BDE071 /* ResidentDetailView.swift */ = {isa = PBXFileReference; lastKnownFileType = sourcecode.swift; path = ResidentDetailView.swift; sourceTree = "<group>"; };
		E1A434862DD5018800BDE071 /* ResidentsHomeView.swift */ = {isa = PBXFileReference; lastKnownFileType = sourcecode.swift; path = ResidentsHomeView.swift; sourceTree = "<group>"; };
		E1A434872DD5018800BDE071 /* ViolationBuilderView.swift */ = {isa = PBXFileReference; lastKnownFileType = sourcecode.swift; path = ViolationBuilderView.swift; sourceTree = "<group>"; };
		E1A434892DD5018800BDE071 /* ContentView.swift */ = {isa = PBXFileReference; lastKnownFileType = sourcecode.swift; path = ContentView.swift; sourceTree = "<group>"; };
		E1A4348A2DD5018800BDE071 /* DocumentsView.swift */ = {isa = PBXFileReference; lastKnownFileType = sourcecode.swift; path = DocumentsView.swift; sourceTree = "<group>"; };
		E1A4348B2DD5018800BDE071 /* MailingLabelView.swift */ = {isa = PBXFileReference; lastKnownFileType = sourcecode.swift; path = MailingLabelView.swift; sourceTree = "<group>"; };
		E1A4348C2DD5018800BDE071 /* Rent Increase Notice Home.swift */ = {isa = PBXFileReference; lastKnownFileType = sourcecode.swift; path = "Rent Increase Notice Home.swift"; sourceTree = "<group>"; };
		E1A4348E2DD5018800BDE071 /* GetBoxNumbersForUDF.swift */ = {isa = PBXFileReference; lastKnownFileType = sourcecode.swift; path = GetBoxNumbersForUDF.swift; sourceTree = "<group>"; };
		E1A434902DD5018800BDE071 /* HomeView.swift */ = {isa = PBXFileReference; lastKnownFileType = sourcecode.swift; path = HomeView.swift; sourceTree = "<group>"; };
		E1A434912DD5018800BDE071 /* MainAppView.swift */ = {isa = PBXFileReference; lastKnownFileType = sourcecode.swift; path = MainAppView.swift; sourceTree = "<group>"; };
		E1A434932DD5018800BDE071 /* Assets.xcassets */ = {isa = PBXFileReference; lastKnownFileType = folder.assetcatalog; path = Assets.xcassets; sourceTree = "<group>"; };
		E1A434942DD5018800BDE071 /* Avery 5160 Template PDF.pdf */ = {isa = PBXFileReference; lastKnownFileType = image.pdf; path = "Avery 5160 Template PDF.pdf"; sourceTree = "<group>"; };
		E1A434952DD5018800BDE071 /* ps3877.pdf */ = {isa = PBXFileReference; lastKnownFileType = image.pdf; path = ps3877.pdf; sourceTree = "<group>"; };
		E1A434962DD5018800BDE071 /* rmProApp.entitlements */ = {isa = PBXFileReference; lastKnownFileType = text.plist.entitlements; path = rmProApp.entitlements; sourceTree = "<group>"; };
		E1A434972DD5018800BDE071 /* rmProAppApp.swift */ = {isa = PBXFileReference; lastKnownFileType = sourcecode.swift; path = rmProAppApp.swift; sourceTree = "<group>"; };
/* End PBXFileReference section */

/* Begin PBXFileSystemSynchronizedRootGroup section */
		E17A7F3A2E5F6F1B0056B554 /* RM Data Manager */ = {isa = PBXFileSystemSynchronizedRootGroup; explicitFileTypes = {}; explicitFolders = (); path = "RM Data Manager"; sourceTree = "<group>"; };
/* End PBXFileSystemSynchronizedRootGroup section */

/* Begin PBXFrameworksBuildPhase section */
		E155012F2C63D252000A0726 /* Frameworks */ = {
			isa = PBXFrameworksBuildPhase;
			buildActionMask = 2147483647;
			files = (
			);
			runOnlyForDeploymentPostprocessing = 0;
		};
/* End PBXFrameworksBuildPhase section */

/* Begin PBXGroup section */
		E15501292C63D252000A0726 = {
			isa = PBXGroup;
			children = (
				E1A434982DD5018800BDE071 /* rmProApp */,
				E161555D2D9D914600F7D658 /* Notes */,
				E15501332C63D252000A0726 /* Products */,
			);
			sourceTree = "<group>";
		};
		E15501332C63D252000A0726 /* Products */ = {
			isa = PBXGroup;
			children = (
				E15501322C63D252000A0726 /* rmProApp.app */,
			);
			name = Products;
			sourceTree = "<group>";
		};
		E1A434562DD5018800BDE071 /* APIParameters */ = {
			isa = PBXGroup;
			children = (
				E1A434542DD5018800BDE071 /* APIEndpointsFilter.swift */,
				E1A434552DD5018800BDE071 /* TenantParams.swift */,
			);
			path = APIParameters;
			sourceTree = "<group>";
		};
		E1A4345A2DD5018800BDE071 /* Assets */ = {
			isa = PBXGroup;
			children = (
				E1A434572DD5018800BDE071 /* Color+Ext.swift */,
				E1A434582DD5018800BDE071 /* EncodeDecodeHelpers.swift */,
				E1A434592DD5018800BDE071 /* SwiftUIAssets.swift */,
			);
			path = Assets;
			sourceTree = "<group>";
		};
		E1A434712DD5018800BDE071 /* Models */ = {
			isa = PBXGroup;
			children = (
				E1A4345B2DD5018800BDE071 /* RMAddress.swift */,
				E1A4345C2DD5018800BDE071 /* RMCharge.swift */,
				E1A4345D2DD5018800BDE071 /* RMChargeType.swift */,
				E1A4345E2DD5018800BDE071 /* RMContact.swift */,
				E1A4345F2DD5018800BDE071 /* RMLease.swift */,
				E1A434602DD5018800BDE071 /* RMLoan.swift */,
				E1A434612DD5018800BDE071 /* RMOccupancyStatus.swift */,
				E1A434622DD5018800BDE071 /* RMPayment.swift */,
				E1A434632DD5018800BDE071 /* RMPaymentReversal.swift */,
				E1A434642DD5018800BDE071 /* RMPhoneNumber.swift */,
				E1A434652DD5018800BDE071 /* RMProperty.swift */,
				E1A434662DD5018800BDE071 /* RMProspect.swift */,
				E1A434672DD5018800BDE071 /* RMRecurringCharges.swift */,
				E1A434682DD5018800BDE071 /* RMRecurringChargesSummary.swift */,
				E1A434692DD5018800BDE071 /* RMSecurityDepositSummary.swift */,
				E1A4346A2DD5018800BDE071 /* RMTenant.swift */,
				E1A4346B2DD5018800BDE071 /* RMUnit.swift */,
				E1A4346C2DD5018800BDE071 /* RMUnitType.swift */,
				E1A4346D2DD5018800BDE071 /* RMUserDefinedValue.swift */,
				E1A4346E2DD5018800BDE071 /* WCLeaseTenant.swift */,
				E1A4346F2DD5018800BDE071 /* WCRentIncreaseTenant.swift */,
				E1A434702DD5018800BDE071 /* WCTransaction.swift */,
			);
			path = Models;
			sourceTree = "<group>";
		};
		E1A434752DD5018800BDE071 /* Essential API Manager */ = {
			isa = PBXGroup;
			children = (
				E17A7F3F2E5F71E30056B554 /* KeychainService.swift */,
				E1A434722DD5018800BDE071 /* RentManagerAPIClient.swift */,
				E1A434732DD5018800BDE071 /* TokenManager.swift */,
				E1A434742DD5018800BDE071 /* URLBuilder.swift */,
			);
			path = "Essential API Manager";
			sourceTree = "<group>";
		};
		E1A434782DD5018800BDE071 /* Notice Manager */ = {
			isa = PBXGroup;
			children = (
				E1A434762DD5018800BDE071 /* LabelManager.swift */,
				E1A434772DD5018800BDE071 /* PS3877FormManager.swift */,
			);
			path = "Notice Manager";
			sourceTree = "<group>";
		};
		E1A4347C2DD5018800BDE071 /* Networking */ = {
			isa = PBXGroup;
			children = (
				E1A434752DD5018800BDE071 /* Essential API Manager */,
				E1A434782DD5018800BDE071 /* Notice Manager */,
			);
			path = Networking;
			sourceTree = "<group>";
		};
		E1A4347E2DD5018800BDE071 /* Preview Content */ = {
			isa = PBXGroup;
			children = (
				E1A4347D2DD5018800BDE071 /* Preview Assets.xcassets */,
			);
			path = "Preview Content";
			sourceTree = "<group>";
		};
		E1A434822DD5018800BDE071 /* Archived */ = {
			isa = PBXGroup;
			children = (
				E1A4347F2DD5018800BDE071 /* UnitDataManager.swift */,
				E1A434802DD5018800BDE071 /* UnitParams.swift */,
				E1A434812DD5018800BDE071 /* UnitsView.swift */,
			);
			path = Archived;
			sourceTree = "<group>";
		};
		E1A434882DD5018800BDE071 /* Need To Build */ = {
			isa = PBXGroup;
			children = (
				E1A434832DD5018800BDE071 /* HavenResidentsView.swift */,
				E1A434842DD5018800BDE071 /* PembrokeResidentsView.swift */,
				E1A434852DD5018800BDE071 /* ResidentDetailView.swift */,
				E17C43262DEFA082005E3ACC /* NewRedidentDetail.swift */,
				E1A434862DD5018800BDE071 /* ResidentsHomeView.swift */,
				E1A434872DD5018800BDE071 /* ViolationBuilderView.swift */,
			);
			path = "Need To Build";
			sourceTree = "<group>";
		};
		E1A4348D2DD5018800BDE071 /* Rent Increase Notice */ = {
			isa = PBXGroup;
			children = (
				E1A434892DD5018800BDE071 /* ContentView.swift */,
				E1A4348A2DD5018800BDE071 /* DocumentsView.swift */,
				E1A4348B2DD5018800BDE071 /* MailingLabelView.swift */,
				E1A4348C2DD5018800BDE071 /* Rent Increase Notice Home.swift */,
			);
			path = "Rent Increase Notice";
			sourceTree = "<group>";
		};
		E1A4348F2DD5018800BDE071 /* Special API Tasks */ = {
			isa = PBXGroup;
			children = (
				E1A4348E2DD5018800BDE071 /* GetBoxNumbersForUDF.swift */,
			);
			path = "Special API Tasks";
			sourceTree = "<group>";
		};
		E1A434922DD5018800BDE071 /* Views */ = {
			isa = PBXGroup;
			children = (
				E1A434822DD5018800BDE071 /* Archived */,
				E1A434882DD5018800BDE071 /* Need To Build */,
				E1A4348D2DD5018800BDE071 /* Rent Increase Notice */,
				E1A4348F2DD5018800BDE071 /* Special API Tasks */,
				E1A434902DD5018800BDE071 /* HomeView.swift */,
				E17A7F412E5F72790056B554 /* LoginView.swift */,
				E1A434912DD5018800BDE071 /* MainAppView.swift */,
			);
			path = Views;
			sourceTree = "<group>";
		};
		E1A434982DD5018800BDE071 /* rmProApp */ = {
			isa = PBXGroup;
			children = (
				E1A434562DD5018800BDE071 /* APIParameters */,
				E1A4345A2DD5018800BDE071 /* Assets */,
				E1A434712DD5018800BDE071 /* Models */,
				E1A4347C2DD5018800BDE071 /* Networking */,
				E1A4347E2DD5018800BDE071 /* Preview Content */,
				E1A434922DD5018800BDE071 /* Views */,
				E1A434932DD5018800BDE071 /* Assets.xcassets */,
				E1A434942DD5018800BDE071 /* Avery 5160 Template PDF.pdf */,
				E1A434952DD5018800BDE071 /* ps3877.pdf */,
				E1A434962DD5018800BDE071 /* rmProApp.entitlements */,
				E1A434972DD5018800BDE071 /* rmProAppApp.swift */,
				E17A7F3A2E5F6F1B0056B554 /* RM Data Manager */,
			);
			path = rmProApp;
			sourceTree = "<group>";
		};
/* End PBXGroup section */

/* Begin PBXNativeTarget section */
		E15501312C63D252000A0726 /* rmProApp */ = {
			isa = PBXNativeTarget;
			buildConfigurationList = E15501412C63D253000A0726 /* Build configuration list for PBXNativeTarget "rmProApp" */;
			buildPhases = (
				E155012E2C63D252000A0726 /* Sources */,
				E155012F2C63D252000A0726 /* Frameworks */,
				E15501302C63D252000A0726 /* Resources */,
			);
			buildRules = (
			);
			dependencies = (
			);
			fileSystemSynchronizedGroups = (
				E17A7F3A2E5F6F1B0056B554 /* RM Data Manager */,
			);
			name = rmProApp;
			productName = rmProApp;
			productReference = E15501322C63D252000A0726 /* rmProApp.app */;
			productType = "com.apple.product-type.application";
		};
/* End PBXNativeTarget section */

/* Begin PBXProject section */
		E155012A2C63D252000A0726 /* Project object */ = {
			isa = PBXProject;
			attributes = {
				BuildIndependentTargetsInParallel = 1;
				LastSwiftUpdateCheck = 1540;
				LastUpgradeCheck = 2600;
				TargetAttributes = {
					E15501312C63D252000A0726 = {
						CreatedOnToolsVersion = 15.4;
					};
				};
			};
			buildConfigurationList = E155012D2C63D252000A0726 /* Build configuration list for PBXProject "rmProApp" */;
			compatibilityVersion = "Xcode 14.0";
			developmentRegion = en;
			hasScannedForEncodings = 0;
			knownRegions = (
				en,
				Base,
			);
			mainGroup = E15501292C63D252000A0726;
			productRefGroup = E15501332C63D252000A0726 /* Products */;
			projectDirPath = "";
			projectRoot = "";
			targets = (
				E15501312C63D252000A0726 /* rmProApp */,
			);
		};
/* End PBXProject section */

/* Begin PBXResourcesBuildPhase section */
		E15501302C63D252000A0726 /* Resources */ = {
			isa = PBXResourcesBuildPhase;
			buildActionMask = 2147483647;
			files = (
				E1A434CB2DD5018800BDE071 /* Assets.xcassets in Resources */,
				E1A434CC2DD5018800BDE071 /* Preview Assets.xcassets in Resources */,
				E1A434CD2DD5018800BDE071 /* Avery 5160 Template PDF.pdf in Resources */,
				E1A434CE2DD5018800BDE071 /* ps3877.pdf in Resources */,
				E161555E2D9D914600F7D658 /* Notes in Resources */,
			);
			runOnlyForDeploymentPostprocessing = 0;
		};
/* End PBXResourcesBuildPhase section */

/* Begin PBXSourcesBuildPhase section */
		E155012E2C63D252000A0726 /* Sources */ = {
			isa = PBXSourcesBuildPhase;
			buildActionMask = 2147483647;
			files = (
				E1A4349A2DD5018800BDE071 /* RMLease.swift in Sources */,
				E1A4349B2DD5018800BDE071 /* TenantParams.swift in Sources */,
				E1A4349C2DD5018800BDE071 /* APIEndpointsFilter.swift in Sources */,
				E1A4349D2DD5018800BDE071 /* RMPhoneNumber.swift in Sources */,
				E1A4349E2DD5018800BDE071 /* HavenResidentsView.swift in Sources */,
				E1A4349F2DD5018800BDE071 /* RMAddress.swift in Sources */,
				E1A434A02DD5018800BDE071 /* RMLoan.swift in Sources */,
				E1A434A12DD5018800BDE071 /* ResidentDetailView.swift in Sources */,
				E1A434A22DD5018800BDE071 /* URLBuilder.swift in Sources */,
				E1A434A32DD5018800BDE071 /* ViolationBuilderView.swift in Sources */,
				E1A434A42DD5018800BDE071 /* UnitParams.swift in Sources */,
				E1A434A52DD5018800BDE071 /* WCLeaseTenant.swift in Sources */,
				E1A434A62DD5018800BDE071 /* RMChargeType.swift in Sources */,
				E1A434A72DD5018800BDE071 /* RMCharge.swift in Sources */,
				E1A434A82DD5018800BDE071 /* RentManagerAPIClient.swift in Sources */,
				E1A434A92DD5018800BDE071 /* RMContact.swift in Sources */,
				E1A434AA2DD5018800BDE071 /* RMProperty.swift in Sources */,
				E1A434AB2DD5018800BDE071 /* RMPayment.swift in Sources */,
				E1A434AC2DD5018800BDE071 /* MailingLabelView.swift in Sources */,
				E1A434AD2DD5018800BDE071 /* RMRecurringCharges.swift in Sources */,
				E17C43272DEFA082005E3ACC /* NewRedidentDetail.swift in Sources */,
				E1A434AE2DD5018800BDE071 /* RMUserDefinedValue.swift in Sources */,
				E1A434AF2DD5018800BDE071 /* RMPaymentReversal.swift in Sources */,
				E1A434B02DD5018800BDE071 /* RMRecurringChargesSummary.swift in Sources */,
				E1A434B12DD5018800BDE071 /* RMUnit.swift in Sources */,
				E1A434B22DD5018800BDE071 /* UnitDataManager.swift in Sources */,
				E1A434B32DD5018800BDE071 /* ContentView.swift in Sources */,
				E1A434B42DD5018800BDE071 /* RMUnitType.swift in Sources */,
				E1A434B52DD5018800BDE071 /* Rent Increase Notice Home.swift in Sources */,
				E1A434B62DD5018800BDE071 /* RMOccupancyStatus.swift in Sources */,
				E1A434B72DD5018800BDE071 /* WCRentIncreaseTenant.swift in Sources */,
				E17A7F402E5F71E30056B554 /* KeychainService.swift in Sources */,
				E1A434B82DD5018800BDE071 /* DocumentsView.swift in Sources */,
				E1A434B92DD5018800BDE071 /* RMTenant.swift in Sources */,
				E1A434BA2DD5018800BDE071 /* GetBoxNumbersForUDF.swift in Sources */,
				E1A434BB2DD5018800BDE071 /* PS3877FormManager.swift in Sources */,
				E1A434BC2DD5018800BDE071 /* TokenManager.swift in Sources */,
				E1A434BD2DD5018800BDE071 /* ResidentsHomeView.swift in Sources */,
				E1A434BE2DD5018800BDE071 /* EncodeDecodeHelpers.swift in Sources */,
				E1A434BF2DD5018800BDE071 /* RMProspect.swift in Sources */,
				E1A434C02DD5018800BDE071 /* UnitsView.swift in Sources */,
				E1A434C12DD5018800BDE071 /* rmProAppApp.swift in Sources */,
				E1A434C22DD5018800BDE071 /* RMSecurityDepositSummary.swift in Sources */,
				E1A434C32DD5018800BDE071 /* PembrokeResidentsView.swift in Sources */,
				E1A434C42DD5018800BDE071 /* WCTransaction.swift in Sources */,
				E1A434C52DD5018800BDE071 /* MainAppView.swift in Sources */,
				E1A434C72DD5018800BDE071 /* LabelManager.swift in Sources */,
				E1A434C82DD5018800BDE071 /* Color+Ext.swift in Sources */,
				E17A7F422E5F72790056B554 /* LoginView.swift in Sources */,
				E1A434C92DD5018800BDE071 /* SwiftUIAssets.swift in Sources */,
				E1A434CA2DD5018800BDE071 /* HomeView.swift in Sources */,
			);
			runOnlyForDeploymentPostprocessing = 0;
		};
/* End PBXSourcesBuildPhase section */

/* Begin XCBuildConfiguration section */
		E155013F2C63D253000A0726 /* Debug */ = {
			isa = XCBuildConfiguration;
			buildSettings = {
				ALWAYS_SEARCH_USER_PATHS = NO;
				ASSETCATALOG_COMPILER_GENERATE_SWIFT_ASSET_SYMBOL_EXTENSIONS = YES;
				CLANG_ANALYZER_NONNULL = YES;
				CLANG_ANALYZER_NUMBER_OBJECT_CONVERSION = YES_AGGRESSIVE;
				CLANG_CXX_LANGUAGE_STANDARD = "gnu++20";
				CLANG_ENABLE_MODULES = YES;
				CLANG_ENABLE_OBJC_ARC = YES;
				CLANG_ENABLE_OBJC_WEAK = YES;
				CLANG_WARN_BLOCK_CAPTURE_AUTORELEASING = YES;
				CLANG_WARN_BOOL_CONVERSION = YES;
				CLANG_WARN_COMMA = YES;
				CLANG_WARN_CONSTANT_CONVERSION = YES;
				CLANG_WARN_DEPRECATED_OBJC_IMPLEMENTATIONS = YES;
				CLANG_WARN_DIRECT_OBJC_ISA_USAGE = YES_ERROR;
				CLANG_WARN_DOCUMENTATION_COMMENTS = YES;
				CLANG_WARN_EMPTY_BODY = YES;
				CLANG_WARN_ENUM_CONVERSION = YES;
				CLANG_WARN_INFINITE_RECURSION = YES;
				CLANG_WARN_INT_CONVERSION = YES;
				CLANG_WARN_NON_LITERAL_NULL_CONVERSION = YES;
				CLANG_WARN_OBJC_IMPLICIT_RETAIN_SELF = YES;
				CLANG_WARN_OBJC_LITERAL_CONVERSION = YES;
				CLANG_WARN_OBJC_ROOT_CLASS = YES_ERROR;
				CLANG_WARN_QUOTED_INCLUDE_IN_FRAMEWORK_HEADER = YES;
				CLANG_WARN_RANGE_LOOP_ANALYSIS = YES;
				CLANG_WARN_STRICT_PROTOTYPES = YES;
				CLANG_WARN_SUSPICIOUS_MOVE = YES;
				CLANG_WARN_UNGUARDED_AVAILABILITY = YES_AGGRESSIVE;
				CLANG_WARN_UNREACHABLE_CODE = YES;
				CLANG_WARN__DUPLICATE_METHOD_MATCH = YES;
				COPY_PHASE_STRIP = NO;
				DEAD_CODE_STRIPPING = YES;
				DEBUG_INFORMATION_FORMAT = dwarf;
				DEVELOPMENT_TEAM = 4QM78MLWEF;
				ENABLE_STRICT_OBJC_MSGSEND = YES;
				ENABLE_TESTABILITY = YES;
				ENABLE_USER_SCRIPT_SANDBOXING = YES;
				GCC_C_LANGUAGE_STANDARD = gnu17;
				GCC_DYNAMIC_NO_PIC = NO;
				GCC_NO_COMMON_BLOCKS = YES;
				GCC_OPTIMIZATION_LEVEL = 0;
				GCC_PREPROCESSOR_DEFINITIONS = (
					"DEBUG=1",
					"$(inherited)",
				);
				GCC_WARN_64_TO_32_BIT_CONVERSION = YES;
				GCC_WARN_ABOUT_RETURN_TYPE = YES_ERROR;
				GCC_WARN_UNDECLARED_SELECTOR = YES;
				GCC_WARN_UNINITIALIZED_AUTOS = YES_AGGRESSIVE;
				GCC_WARN_UNUSED_FUNCTION = YES;
				GCC_WARN_UNUSED_VARIABLE = YES;
				LOCALIZATION_PREFERS_STRING_CATALOGS = YES;
				MTL_ENABLE_DEBUG_INFO = INCLUDE_SOURCE;
				MTL_FAST_MATH = YES;
				ONLY_ACTIVE_ARCH = YES;
				STRING_CATALOG_GENERATE_SYMBOLS = YES;
				SWIFT_ACTIVE_COMPILATION_CONDITIONS = "DEBUG $(inherited)";
				SWIFT_OPTIMIZATION_LEVEL = "-Onone";
			};
			name = Debug;
		};
		E15501402C63D253000A0726 /* Release */ = {
			isa = XCBuildConfiguration;
			buildSettings = {
				ALWAYS_SEARCH_USER_PATHS = NO;
				ASSETCATALOG_COMPILER_GENERATE_SWIFT_ASSET_SYMBOL_EXTENSIONS = YES;
				CLANG_ANALYZER_NONNULL = YES;
				CLANG_ANALYZER_NUMBER_OBJECT_CONVERSION = YES_AGGRESSIVE;
				CLANG_CXX_LANGUAGE_STANDARD = "gnu++20";
				CLANG_ENABLE_MODULES = YES;
				CLANG_ENABLE_OBJC_ARC = YES;
				CLANG_ENABLE_OBJC_WEAK = YES;
				CLANG_WARN_BLOCK_CAPTURE_AUTORELEASING = YES;
				CLANG_WARN_BOOL_CONVERSION = YES;
				CLANG_WARN_COMMA = YES;
				CLANG_WARN_CONSTANT_CONVERSION = YES;
				CLANG_WARN_DEPRECATED_OBJC_IMPLEMENTATIONS = YES;
				CLANG_WARN_DIRECT_OBJC_ISA_USAGE = YES_ERROR;
				CLANG_WARN_DOCUMENTATION_COMMENTS = YES;
				CLANG_WARN_EMPTY_BODY = YES;
				CLANG_WARN_ENUM_CONVERSION = YES;
				CLANG_WARN_INFINITE_RECURSION = YES;
				CLANG_WARN_INT_CONVERSION = YES;
				CLANG_WARN_NON_LITERAL_NULL_CONVERSION = YES;
				CLANG_WARN_OBJC_IMPLICIT_RETAIN_SELF = YES;
				CLANG_WARN_OBJC_LITERAL_CONVERSION = YES;
				CLANG_WARN_OBJC_ROOT_CLASS = YES_ERROR;
				CLANG_WARN_QUOTED_INCLUDE_IN_FRAMEWORK_HEADER = YES;
				CLANG_WARN_RANGE_LOOP_ANALYSIS = YES;
				CLANG_WARN_STRICT_PROTOTYPES = YES;
				CLANG_WARN_SUSPICIOUS_MOVE = YES;
				CLANG_WARN_UNGUARDED_AVAILABILITY = YES_AGGRESSIVE;
				CLANG_WARN_UNREACHABLE_CODE = YES;
				CLANG_WARN__DUPLICATE_METHOD_MATCH = YES;
				COPY_PHASE_STRIP = NO;
				DEAD_CODE_STRIPPING = YES;
				DEBUG_INFORMATION_FORMAT = "dwarf-with-dsym";
				DEVELOPMENT_TEAM = 4QM78MLWEF;
				ENABLE_NS_ASSERTIONS = NO;
				ENABLE_STRICT_OBJC_MSGSEND = YES;
				ENABLE_USER_SCRIPT_SANDBOXING = YES;
				GCC_C_LANGUAGE_STANDARD = gnu17;
				GCC_NO_COMMON_BLOCKS = YES;
				GCC_WARN_64_TO_32_BIT_CONVERSION = YES;
				GCC_WARN_ABOUT_RETURN_TYPE = YES_ERROR;
				GCC_WARN_UNDECLARED_SELECTOR = YES;
				GCC_WARN_UNINITIALIZED_AUTOS = YES_AGGRESSIVE;
				GCC_WARN_UNUSED_FUNCTION = YES;
				GCC_WARN_UNUSED_VARIABLE = YES;
				LOCALIZATION_PREFERS_STRING_CATALOGS = YES;
				MTL_ENABLE_DEBUG_INFO = NO;
				MTL_FAST_MATH = YES;
				STRING_CATALOG_GENERATE_SYMBOLS = YES;
				SWIFT_COMPILATION_MODE = wholemodule;
			};
			name = Release;
		};
		E15501422C63D253000A0726 /* Debug */ = {
			isa = XCBuildConfiguration;
			buildSettings = {
				ASSETCATALOG_COMPILER_APPICON_NAME = AppIcon;
				ASSETCATALOG_COMPILER_GLOBAL_ACCENT_COLOR_NAME = AccentColor;
				CODE_SIGN_ENTITLEMENTS = rmProApp/rmProApp.entitlements;
				CODE_SIGN_STYLE = Automatic;
				CURRENT_PROJECT_VERSION = 1;
				DEAD_CODE_STRIPPING = YES;
				DEVELOPMENT_ASSET_PATHS = "\"rmProApp/Preview Content\"";
				ENABLE_APP_SANDBOX = YES;
				ENABLE_HARDENED_RUNTIME = YES;
				ENABLE_PREVIEWS = YES;
				ENABLE_USER_SELECTED_FILES = readonly;
				GENERATE_INFOPLIST_FILE = YES;
				"INFOPLIST_KEY_UIApplicationSceneManifest_Generation[sdk=iphoneos*]" = YES;
				"INFOPLIST_KEY_UIApplicationSceneManifest_Generation[sdk=iphonesimulator*]" = YES;
				"INFOPLIST_KEY_UIApplicationSupportsIndirectInputEvents[sdk=iphoneos*]" = YES;
				"INFOPLIST_KEY_UIApplicationSupportsIndirectInputEvents[sdk=iphonesimulator*]" = YES;
				"INFOPLIST_KEY_UILaunchScreen_Generation[sdk=iphoneos*]" = YES;
				"INFOPLIST_KEY_UILaunchScreen_Generation[sdk=iphonesimulator*]" = YES;
				"INFOPLIST_KEY_UIStatusBarStyle[sdk=iphoneos*]" = UIStatusBarStyleDefault;
				"INFOPLIST_KEY_UIStatusBarStyle[sdk=iphonesimulator*]" = UIStatusBarStyleDefault;
				INFOPLIST_KEY_UISupportedInterfaceOrientations_iPad = "UIInterfaceOrientationPortrait UIInterfaceOrientationPortraitUpsideDown UIInterfaceOrientationLandscapeLeft UIInterfaceOrientationLandscapeRight";
				INFOPLIST_KEY_UISupportedInterfaceOrientations_iPhone = "UIInterfaceOrientationPortrait UIInterfaceOrientationLandscapeLeft UIInterfaceOrientationLandscapeRight";
				IPHONEOS_DEPLOYMENT_TARGET = 17.6;
				LD_RUNPATH_SEARCH_PATHS = "@executable_path/Frameworks";
				"LD_RUNPATH_SEARCH_PATHS[sdk=macosx*]" = "@executable_path/../Frameworks";
				MACOSX_DEPLOYMENT_TARGET = 15.6;
				MARKETING_VERSION = 1.0;
				PRODUCT_BUNDLE_IDENTIFIER = wctech.rmProApp;
				PRODUCT_NAME = "$(TARGET_NAME)";
				SDKROOT = auto;
				SUPPORTED_PLATFORMS = "iphoneos iphonesimulator macosx";
				SWIFT_EMIT_LOC_STRINGS = YES;
				SWIFT_VERSION = 5.0;
				TARGETED_DEVICE_FAMILY = "1,2";
			};
			name = Debug;
		};
		E15501432C63D253000A0726 /* Release */ = {
			isa = XCBuildConfiguration;
			buildSettings = {
				ASSETCATALOG_COMPILER_APPICON_NAME = AppIcon;
				ASSETCATALOG_COMPILER_GLOBAL_ACCENT_COLOR_NAME = AccentColor;
				CODE_SIGN_ENTITLEMENTS = rmProApp/rmProApp.entitlements;
				CODE_SIGN_STYLE = Automatic;
				CURRENT_PROJECT_VERSION = 1;
				DEAD_CODE_STRIPPING = YES;
				DEVELOPMENT_ASSET_PATHS = "\"rmProApp/Preview Content\"";
				ENABLE_APP_SANDBOX = YES;
				ENABLE_HARDENED_RUNTIME = YES;
				ENABLE_PREVIEWS = YES;
				ENABLE_USER_SELECTED_FILES = readonly;
				GENERATE_INFOPLIST_FILE = YES;
				"INFOPLIST_KEY_UIApplicationSceneManifest_Generation[sdk=iphoneos*]" = YES;
				"INFOPLIST_KEY_UIApplicationSceneManifest_Generation[sdk=iphonesimulator*]" = YES;
				"INFOPLIST_KEY_UIApplicationSupportsIndirectInputEvents[sdk=iphoneos*]" = YES;
				"INFOPLIST_KEY_UIApplicationSupportsIndirectInputEvents[sdk=iphonesimulator*]" = YES;
				"INFOPLIST_KEY_UILaunchScreen_Generation[sdk=iphoneos*]" = YES;
				"INFOPLIST_KEY_UILaunchScreen_Generation[sdk=iphonesimulator*]" = YES;
				"INFOPLIST_KEY_UIStatusBarStyle[sdk=iphoneos*]" = UIStatusBarStyleDefault;
				"INFOPLIST_KEY_UIStatusBarStyle[sdk=iphonesimulator*]" = UIStatusBarStyleDefault;
				INFOPLIST_KEY_UISupportedInterfaceOrientations_iPad = "UIInterfaceOrientationPortrait UIInterfaceOrientationPortraitUpsideDown UIInterfaceOrientationLandscapeLeft UIInterfaceOrientationLandscapeRight";
				INFOPLIST_KEY_UISupportedInterfaceOrientations_iPhone = "UIInterfaceOrientationPortrait UIInterfaceOrientationLandscapeLeft UIInterfaceOrientationLandscapeRight";
				IPHONEOS_DEPLOYMENT_TARGET = 17.6;
				LD_RUNPATH_SEARCH_PATHS = "@executable_path/Frameworks";
				"LD_RUNPATH_SEARCH_PATHS[sdk=macosx*]" = "@executable_path/../Frameworks";
				MACOSX_DEPLOYMENT_TARGET = 15.6;
				MARKETING_VERSION = 1.0;
				PRODUCT_BUNDLE_IDENTIFIER = wctech.rmProApp;
				PRODUCT_NAME = "$(TARGET_NAME)";
				SDKROOT = auto;
				SUPPORTED_PLATFORMS = "iphoneos iphonesimulator macosx";
				SWIFT_EMIT_LOC_STRINGS = YES;
				SWIFT_VERSION = 5.0;
				TARGETED_DEVICE_FAMILY = "1,2";
			};
			name = Release;
		};
/* End XCBuildConfiguration section */

/* Begin XCConfigurationList section */
		E155012D2C63D252000A0726 /* Build configuration list for PBXProject "rmProApp" */ = {
			isa = XCConfigurationList;
			buildConfigurations = (
				E155013F2C63D253000A0726 /* Debug */,
				E15501402C63D253000A0726 /* Release */,
			);
			defaultConfigurationIsVisible = 0;
			defaultConfigurationName = Release;
		};
		E15501412C63D253000A0726 /* Build configuration list for PBXNativeTarget "rmProApp" */ = {
			isa = XCConfigurationList;
			buildConfigurations = (
				E15501422C63D253000A0726 /* Debug */,
				E15501432C63D253000A0726 /* Release */,
			);
			defaultConfigurationIsVisible = 0;
			defaultConfigurationName = Release;
		};
/* End XCConfigurationList section */
	};
	rootObject = E155012A2C63D252000A0726 /* Project object */;
}
