// !$*UTF8*$!
{
	archiveVersion = 1;
	classes = {
	};
	objectVersion = 56;
	objects = {

/* Begin PBXBuildFile section */
		E11AEB742E7CECB30082FC7B /* RMOccupancyStatus.swift in Sources */ = {isa = PBXBuildFile; fileRef = E11AEB6E2E7CECB30082FC7B /* RMOccupancyStatus.swift */; };
		E11AEB752E7CECB30082FC7B /* RMUnitType.swift in Sources */ = {isa = PBXBuildFile; fileRef = E11AEB722E7CECB30082FC7B /* RMUnitType.swift */; };
		E11AEB762E7CECB30082FC7B /* RMProperty.swift in Sources */ = {isa = PBXBuildFile; fileRef = E11AEB6F2E7CECB30082FC7B /* RMProperty.swift */; };
		E11AEB772E7CECB30082FC7B /* RMLease.swift in Sources */ = {isa = PBXBuildFile; fileRef = E11AEB6D2E7CECB30082FC7B /* RMLease.swift */; };
		E11AEB782E7CECB30082FC7B /* RMTenant.swift in Sources */ = {isa = PBXBuildFile; fileRef = E11AEB702E7CECB30082FC7B /* RMTenant.swift */; };
		E11AEB792E7CECB30082FC7B /* RMUnit.swift in Sources */ = {isa = PBXBuildFile; fileRef = E11AEB712E7CECB30082FC7B /* RMUnit.swift */; };
		E11AEB832E7CEDAE0082FC7B /* WCRentIncreaseTenant.swift in Sources */ = {isa = PBXBuildFile; fileRef = E11AEB812E7CEDAE0082FC7B /* WCRentIncreaseTenant.swift */; };
		E11AEB842E7CEDAE0082FC7B /* RMLoan.swift in Sources */ = {isa = PBXBuildFile; fileRef = E11AEB7C2E7CEDAE0082FC7B /* RMLoan.swift */; };
		E11AEB852E7CEDAE0082FC7B /* RMUserDefinedValue.swift in Sources */ = {isa = PBXBuildFile; fileRef = E11AEB7F2E7CEDAE0082FC7B /* RMUserDefinedValue.swift */; };
		E11AEB862E7CEDAE0082FC7B /* WCLeaseTenant.swift in Sources */ = {isa = PBXBuildFile; fileRef = E11AEB802E7CEDAE0082FC7B /* WCLeaseTenant.swift */; };
		E11AEB872E7CEDAE0082FC7B /* RMPhoneNumber.swift in Sources */ = {isa = PBXBuildFile; fileRef = E11AEB7D2E7CEDAE0082FC7B /* RMPhoneNumber.swift */; };
		E11AEB882E7CEDAE0082FC7B /* RMProspect.swift in Sources */ = {isa = PBXBuildFile; fileRef = E11AEB7E2E7CEDAE0082FC7B /* RMProspect.swift */; };
		E11AEB892E7CEDAE0082FC7B /* RMAddress.swift in Sources */ = {isa = PBXBuildFile; fileRef = E11AEB7A2E7CEDAE0082FC7B /* RMAddress.swift */; };
		E11AEB8A2E7CEDAE0082FC7B /* RMContact.swift in Sources */ = {isa = PBXBuildFile; fileRef = E11AEB7B2E7CEDAE0082FC7B /* RMContact.swift */; };
		E11AEB8F2E7CEDDF0082FC7B /* WCTransaction.swift in Sources */ = {isa = PBXBuildFile; fileRef = E11AEB8D2E7CEDDF0082FC7B /* WCTransaction.swift */; };
		E11AEB902E7CEDDF0082FC7B /* RMPaymentReversal.swift in Sources */ = {isa = PBXBuildFile; fileRef = E11AEB8C2E7CEDDF0082FC7B /* RMPaymentReversal.swift */; };
		E11AEB912E7CEDDF0082FC7B /* RMPayment.swift in Sources */ = {isa = PBXBuildFile; fileRef = E11AEB8B2E7CEDDF0082FC7B /* RMPayment.swift */; };
		E11AEB982E7CEDFF0082FC7B /* RMRecurringCharges.swift in Sources */ = {isa = PBXBuildFile; fileRef = E11AEB942E7CEDFF0082FC7B /* RMRecurringCharges.swift */; };
		E11AEB992E7CEDFF0082FC7B /* RMRecurringChargesSummary.swift in Sources */ = {isa = PBXBuildFile; fileRef = E11AEB952E7CEDFF0082FC7B /* RMRecurringChargesSummary.swift */; };
		E11AEB9A2E7CEDFF0082FC7B /* RMSecurityDepositSummary.swift in Sources */ = {isa = PBXBuildFile; fileRef = E11AEB962E7CEDFF0082FC7B /* RMSecurityDepositSummary.swift */; };
		E11AEB9B2E7CEDFF0082FC7B /* RMCharge.swift in Sources */ = {isa = PBXBuildFile; fileRef = E11AEB922E7CEDFF0082FC7B /* RMCharge.swift */; };
		E11AEB9C2E7CEDFF0082FC7B /* RMChargeType.swift in Sources */ = {isa = PBXBuildFile; fileRef = E11AEB932E7CEDFF0082FC7B /* RMChargeType.swift */; };
		E11AEBA12E7CEE660082FC7B /* TenantParams.swift in Sources */ = {isa = PBXBuildFile; fileRef = E11AEB9E2E7CEE660082FC7B /* TenantParams.swift */; };
		E11AEBA22E7CEE660082FC7B /* APIEndpointsFilter.swift in Sources */ = {isa = PBXBuildFile; fileRef = E11AEB9D2E7CEE660082FC7B /* APIEndpointsFilter.swift */; };
		E11AEBA32E7CEE660082FC7B /* UnitParams.swift in Sources */ = {isa = PBXBuildFile; fileRef = E11AEB9F2E7CEE660082FC7B /* UnitParams.swift */; };
		E11AEBA52E7CEED60082FC7B /* UnitDataManager.swift in Sources */ = {isa = PBXBuildFile; fileRef = E11AEBA42E7CEED60082FC7B /* UnitDataManager.swift */; };
		E11AEBEB2E7CF12B0082FC7B /* UnitsView.swift in Sources */ = {isa = PBXBuildFile; fileRef = E11AEBCC2E7CF12B0082FC7B /* UnitsView.swift */; };
		E11AEBEF2E7CF12B0082FC7B /* Rent Increase Notice Home.swift in Sources */ = {isa = PBXBuildFile; fileRef = E11AEBBB2E7CF12B0082FC7B /* Rent Increase Notice Home.swift */; };
		E11AEBF02E7CF12B0082FC7B /* ContentView.swift in Sources */ = {isa = PBXBuildFile; fileRef = E11AEBB72E7CF12B0082FC7B /* ContentView.swift */; };
		E11AEBF12E7CF12B0082FC7B /* ViolationBuilderView.swift in Sources */ = {isa = PBXBuildFile; fileRef = E11AEBBD2E7CF12B0082FC7B /* ViolationBuilderView.swift */; };
		E11AEBF22E7CF12B0082FC7B /* NewRedidentDetail.swift in Sources */ = {isa = PBXBuildFile; fileRef = E11AEBC02E7CF12B0082FC7B /* NewRedidentDetail.swift */; };
		E11AEBF72E7CF12B0082FC7B /* ResidentsHomeView.swift in Sources */ = {isa = PBXBuildFile; fileRef = E11AEBC32E7CF12B0082FC7B /* ResidentsHomeView.swift */; };
		E11AEBFE2E7CF12B0082FC7B /* MailingLabelView.swift in Sources */ = {isa = PBXBuildFile; fileRef = E11AEBBA2E7CF12B0082FC7B /* MailingLabelView.swift */; };
		E11AEC012E7CF12B0082FC7B /* MainAppView.swift in Sources */ = {isa = PBXBuildFile; fileRef = E11AEBC82E7CF12B0082FC7B /* MainAppView.swift */; };
		E11AEC022E7CF12B0082FC7B /* GetBoxNumbersForUDF.swift in Sources */ = {isa = PBXBuildFile; fileRef = E11AEBB92E7CF12B0082FC7B /* GetBoxNumbersForUDF.swift */; };
		E11AEC042E7CF12B0082FC7B /* DocumentsView.swift in Sources */ = {isa = PBXBuildFile; fileRef = E11AEBB82E7CF12B0082FC7B /* DocumentsView.swift */; };
		E11AEC082E7CF12B0082FC7B /* HavenResidentsView.swift in Sources */ = {isa = PBXBuildFile; fileRef = E11AEBBF2E7CF12B0082FC7B /* HavenResidentsView.swift */; };
		E11AEC142E7CF12B0082FC7B /* HomeView.swift in Sources */ = {isa = PBXBuildFile; fileRef = E11AEBC62E7CF12B0082FC7B /* HomeView.swift */; };
		E11AEC1E2E7CF12B0082FC7B /* PembrokeResidentsView.swift in Sources */ = {isa = PBXBuildFile; fileRef = E11AEBC12E7CF12B0082FC7B /* PembrokeResidentsView.swift */; };
		E11AEC202E7CF12B0082FC7B /* LoginView.swift in Sources */ = {isa = PBXBuildFile; fileRef = E11AEBC72E7CF12B0082FC7B /* LoginView.swift */; };
		E11AEC242E7CF6270082FC7B /* ps3877.pdf in Resources */ = {isa = PBXBuildFile; fileRef = E11AEC222E7CF6270082FC7B /* ps3877.pdf */; };
		E11AEC252E7CF6270082FC7B /* Avery 5160 Template PDF.pdf in Resources */ = {isa = PBXBuildFile; fileRef = E11AEC212E7CF6270082FC7B /* Avery 5160 Template PDF.pdf */; };
		E11AEC2B2E7CF7610082FC7B /* rmProAppTests.swift in Sources */ = {isa = PBXBuildFile; fileRef = E11AEC292E7CF7610082FC7B /* rmProAppTests.swift */; };
		E161555E2D9D914600F7D658 /* Notes in Resources */ = {isa = PBXBuildFile; fileRef = E161555D2D9D914600F7D658 /* Notes */; };
		E17A7F402E5F71E30056B554 /* KeychainService.swift in Sources */ = {isa = PBXBuildFile; fileRef = E17A7F3F2E5F71E30056B554 /* KeychainService.swift */; };
		E1980FC02E69E83A00B8A386 /* TenantDataManager.swift in Sources */ = {isa = PBXBuildFile; fileRef = E1980FBD2E69E83A00B8A386 /* TenantDataManager.swift */; };
		E1980FC12E69E83A00B8A386 /* TenantTransactionsManager.swift in Sources */ = {isa = PBXBuildFile; fileRef = E1980FBE2E69E83A00B8A386 /* TenantTransactionsManager.swift */; };
		E1A434A22DD5018800BDE071 /* URLBuilder.swift in Sources */ = {isa = PBXBuildFile; fileRef = E1A434742DD5018800BDE071 /* URLBuilder.swift */; };
		E1A434A82DD5018800BDE071 /* RentManagerAPIClient.swift in Sources */ = {isa = PBXBuildFile; fileRef = E1A434722DD5018800BDE071 /* RentManagerAPIClient.swift */; };
		E1A434BB2DD5018800BDE071 /* PS3877FormManager.swift in Sources */ = {isa = PBXBuildFile; fileRef = E1A434772DD5018800BDE071 /* PS3877FormManager.swift */; };
		E1A434BC2DD5018800BDE071 /* TokenManager.swift in Sources */ = {isa = PBXBuildFile; fileRef = E1A434732DD5018800BDE071 /* TokenManager.swift */; };
		E1A434BE2DD5018800BDE071 /* EncodeDecodeHelpers.swift in Sources */ = {isa = PBXBuildFile; fileRef = E1A434582DD5018800BDE071 /* EncodeDecodeHelpers.swift */; };
		E1A434C12DD5018800BDE071 /* rmProAppApp.swift in Sources */ = {isa = PBXBuildFile; fileRef = E1A434972DD5018800BDE071 /* rmProAppApp.swift */; };
		E1A434C72DD5018800BDE071 /* LabelManager.swift in Sources */ = {isa = PBXBuildFile; fileRef = E1A434762DD5018800BDE071 /* LabelManager.swift */; };
		E1A434C82DD5018800BDE071 /* Color+Ext.swift in Sources */ = {isa = PBXBuildFile; fileRef = E1A434572DD5018800BDE071 /* Color+Ext.swift */; };
		E1A434C92DD5018800BDE071 /* SwiftUIAssets.swift in Sources */ = {isa = PBXBuildFile; fileRef = E1A434592DD5018800BDE071 /* SwiftUIAssets.swift */; };
		E1A434CB2DD5018800BDE071 /* Assets.xcassets in Resources */ = {isa = PBXBuildFile; fileRef = E1A434932DD5018800BDE071 /* Assets.xcassets */; };
/* End PBXBuildFile section */

/* Begin PBXFileReference section */
		E11AEB6D2E7CECB30082FC7B /* RMLease.swift */ = {isa = PBXFileReference; lastKnownFileType = sourcecode.swift; path = RMLease.swift; sourceTree = "<group>"; };
		E11AEB6E2E7CECB30082FC7B /* RMOccupancyStatus.swift */ = {isa = PBXFileReference; lastKnownFileType = sourcecode.swift; path = RMOccupancyStatus.swift; sourceTree = "<group>"; };
		E11AEB6F2E7CECB30082FC7B /* RMProperty.swift */ = {isa = PBXFileReference; lastKnownFileType = sourcecode.swift; path = RMProperty.swift; sourceTree = "<group>"; };
		E11AEB702E7CECB30082FC7B /* RMTenant.swift */ = {isa = PBXFileReference; lastKnownFileType = sourcecode.swift; path = RMTenant.swift; sourceTree = "<group>"; };
		E11AEB712E7CECB30082FC7B /* RMUnit.swift */ = {isa = PBXFileReference; lastKnownFileType = sourcecode.swift; path = RMUnit.swift; sourceTree = "<group>"; };
		E11AEB722E7CECB30082FC7B /* RMUnitType.swift */ = {isa = PBXFileReference; lastKnownFileType = sourcecode.swift; path = RMUnitType.swift; sourceTree = "<group>"; };
		E11AEB7A2E7CEDAE0082FC7B /* RMAddress.swift */ = {isa = PBXFileReference; lastKnownFileType = sourcecode.swift; path = RMAddress.swift; sourceTree = "<group>"; };
		E11AEB7B2E7CEDAE0082FC7B /* RMContact.swift */ = {isa = PBXFileReference; lastKnownFileType = sourcecode.swift; path = RMContact.swift; sourceTree = "<group>"; };
		E11AEB7C2E7CEDAE0082FC7B /* RMLoan.swift */ = {isa = PBXFileReference; lastKnownFileType = sourcecode.swift; path = RMLoan.swift; sourceTree = "<group>"; };
		E11AEB7D2E7CEDAE0082FC7B /* RMPhoneNumber.swift */ = {isa = PBXFileReference; lastKnownFileType = sourcecode.swift; path = RMPhoneNumber.swift; sourceTree = "<group>"; };
		E11AEB7E2E7CEDAE0082FC7B /* RMProspect.swift */ = {isa = PBXFileReference; lastKnownFileType = sourcecode.swift; path = RMProspect.swift; sourceTree = "<group>"; };
		E11AEB7F2E7CEDAE0082FC7B /* RMUserDefinedValue.swift */ = {isa = PBXFileReference; lastKnownFileType = sourcecode.swift; path = RMUserDefinedValue.swift; sourceTree = "<group>"; };
		E11AEB802E7CEDAE0082FC7B /* WCLeaseTenant.swift */ = {isa = PBXFileReference; lastKnownFileType = sourcecode.swift; path = WCLeaseTenant.swift; sourceTree = "<group>"; };
		E11AEB812E7CEDAE0082FC7B /* WCRentIncreaseTenant.swift */ = {isa = PBXFileReference; lastKnownFileType = sourcecode.swift; path = WCRentIncreaseTenant.swift; sourceTree = "<group>"; };
		E11AEB8B2E7CEDDF0082FC7B /* RMPayment.swift */ = {isa = PBXFileReference; lastKnownFileType = sourcecode.swift; path = RMPayment.swift; sourceTree = "<group>"; };
		E11AEB8C2E7CEDDF0082FC7B /* RMPaymentReversal.swift */ = {isa = PBXFileReference; lastKnownFileType = sourcecode.swift; path = RMPaymentReversal.swift; sourceTree = "<group>"; };
		E11AEB8D2E7CEDDF0082FC7B /* WCTransaction.swift */ = {isa = PBXFileReference; lastKnownFileType = sourcecode.swift; path = WCTransaction.swift; sourceTree = "<group>"; };
		E11AEB922E7CEDFF0082FC7B /* RMCharge.swift */ = {isa = PBXFileReference; lastKnownFileType = sourcecode.swift; path = RMCharge.swift; sourceTree = "<group>"; };
		E11AEB932E7CEDFF0082FC7B /* RMChargeType.swift */ = {isa = PBXFileReference; lastKnownFileType = sourcecode.swift; path = RMChargeType.swift; sourceTree = "<group>"; };
		E11AEB942E7CEDFF0082FC7B /* RMRecurringCharges.swift */ = {isa = PBXFileReference; lastKnownFileType = sourcecode.swift; path = RMRecurringCharges.swift; sourceTree = "<group>"; };
		E11AEB952E7CEDFF0082FC7B /* RMRecurringChargesSummary.swift */ = {isa = PBXFileReference; lastKnownFileType = sourcecode.swift; path = RMRecurringChargesSummary.swift; sourceTree = "<group>"; };
		E11AEB962E7CEDFF0082FC7B /* RMSecurityDepositSummary.swift */ = {isa = PBXFileReference; lastKnownFileType = sourcecode.swift; path = RMSecurityDepositSummary.swift; sourceTree = "<group>"; };
		E11AEB9D2E7CEE660082FC7B /* APIEndpointsFilter.swift */ = {isa = PBXFileReference; lastKnownFileType = sourcecode.swift; path = APIEndpointsFilter.swift; sourceTree = "<group>"; };
		E11AEB9E2E7CEE660082FC7B /* TenantParams.swift */ = {isa = PBXFileReference; lastKnownFileType = sourcecode.swift; path = TenantParams.swift; sourceTree = "<group>"; };
		E11AEB9F2E7CEE660082FC7B /* UnitParams.swift */ = {isa = PBXFileReference; lastKnownFileType = sourcecode.swift; path = UnitParams.swift; sourceTree = "<group>"; };
		E11AEBA42E7CEED60082FC7B /* UnitDataManager.swift */ = {isa = PBXFileReference; lastKnownFileType = sourcecode.swift; path = UnitDataManager.swift; sourceTree = "<group>"; };
		E11AEBB72E7CF12B0082FC7B /* ContentView.swift */ = {isa = PBXFileReference; lastKnownFileType = sourcecode.swift; path = ContentView.swift; sourceTree = "<group>"; };
		E11AEBB82E7CF12B0082FC7B /* DocumentsView.swift */ = {isa = PBXFileReference; lastKnownFileType = sourcecode.swift; path = DocumentsView.swift; sourceTree = "<group>"; };
		E11AEBB92E7CF12B0082FC7B /* GetBoxNumbersForUDF.swift */ = {isa = PBXFileReference; lastKnownFileType = sourcecode.swift; path = GetBoxNumbersForUDF.swift; sourceTree = "<group>"; };
		E11AEBBA2E7CF12B0082FC7B /* MailingLabelView.swift */ = {isa = PBXFileReference; lastKnownFileType = sourcecode.swift; path = MailingLabelView.swift; sourceTree = "<group>"; };
		E11AEBBB2E7CF12B0082FC7B /* Rent Increase Notice Home.swift */ = {isa = PBXFileReference; lastKnownFileType = sourcecode.swift; path = "Rent Increase Notice Home.swift"; sourceTree = "<group>"; };
		E11AEBBD2E7CF12B0082FC7B /* ViolationBuilderView.swift */ = {isa = PBXFileReference; lastKnownFileType = sourcecode.swift; path = ViolationBuilderView.swift; sourceTree = "<group>"; };
		E11AEBBF2E7CF12B0082FC7B /* HavenResidentsView.swift */ = {isa = PBXFileReference; lastKnownFileType = sourcecode.swift; path = HavenResidentsView.swift; sourceTree = "<group>"; };
		E11AEBC02E7CF12B0082FC7B /* NewRedidentDetail.swift */ = {isa = PBXFileReference; lastKnownFileType = sourcecode.swift; path = NewRedidentDetail.swift; sourceTree = "<group>"; };
		E11AEBC12E7CF12B0082FC7B /* PembrokeResidentsView.swift */ = {isa = PBXFileReference; lastKnownFileType = sourcecode.swift; path = PembrokeResidentsView.swift; sourceTree = "<group>"; };
		E11AEBC32E7CF12B0082FC7B /* ResidentsHomeView.swift */ = {isa = PBXFileReference; lastKnownFileType = sourcecode.swift; path = ResidentsHomeView.swift; sourceTree = "<group>"; };
		E11AEBC62E7CF12B0082FC7B /* HomeView.swift */ = {isa = PBXFileReference; lastKnownFileType = sourcecode.swift; path = HomeView.swift; sourceTree = "<group>"; };
		E11AEBC72E7CF12B0082FC7B /* LoginView.swift */ = {isa = PBXFileReference; lastKnownFileType = sourcecode.swift; path = LoginView.swift; sourceTree = "<group>"; };
		E11AEBC82E7CF12B0082FC7B /* MainAppView.swift */ = {isa = PBXFileReference; lastKnownFileType = sourcecode.swift; path = MainAppView.swift; sourceTree = "<group>"; };
		E11AEBCC2E7CF12B0082FC7B /* UnitsView.swift */ = {isa = PBXFileReference; lastKnownFileType = sourcecode.swift; path = UnitsView.swift; sourceTree = "<group>"; };
		E11AEC212E7CF6270082FC7B /* Avery 5160 Template PDF.pdf */ = {isa = PBXFileReference; lastKnownFileType = image.pdf; path = "Avery 5160 Template PDF.pdf"; sourceTree = "<group>"; };
		E11AEC222E7CF6270082FC7B /* ps3877.pdf */ = {isa = PBXFileReference; lastKnownFileType = image.pdf; path = ps3877.pdf; sourceTree = "<group>"; };
		E11AEC292E7CF7610082FC7B /* rmProAppTests.swift */ = {isa = PBXFileReference; lastKnownFileType = sourcecode.swift; path = rmProAppTests.swift; sourceTree = "<group>"; };
		E15501322C63D252000A0726 /* rmProApp.app */ = {isa = PBXFileReference; explicitFileType = wrapper.application; includeInIndex = 0; path = rmProApp.app; sourceTree = BUILT_PRODUCTS_DIR; };
		E161555D2D9D914600F7D658 /* Notes */ = {isa = PBXFileReference; lastKnownFileType = text; path = Notes; sourceTree = "<group>"; };
		E17A7F3F2E5F71E30056B554 /* KeychainService.swift */ = {isa = PBXFileReference; lastKnownFileType = sourcecode.swift; path = KeychainService.swift; sourceTree = "<group>"; };
		E1980FBD2E69E83A00B8A386 /* TenantDataManager.swift */ = {isa = PBXFileReference; lastKnownFileType = sourcecode.swift; path = TenantDataManager.swift; sourceTree = "<group>"; };
		E1980FBE2E69E83A00B8A386 /* TenantTransactionsManager.swift */ = {isa = PBXFileReference; lastKnownFileType = sourcecode.swift; path = TenantTransactionsManager.swift; sourceTree = "<group>"; };
		E1A434572DD5018800BDE071 /* Color+Ext.swift */ = {isa = PBXFileReference; lastKnownFileType = sourcecode.swift; path = "Color+Ext.swift"; sourceTree = "<group>"; };
		E1A434582DD5018800BDE071 /* EncodeDecodeHelpers.swift */ = {isa = PBXFileReference; lastKnownFileType = sourcecode.swift; path = EncodeDecodeHelpers.swift; sourceTree = "<group>"; };
		E1A434592DD5018800BDE071 /* SwiftUIAssets.swift */ = {isa = PBXFileReference; lastKnownFileType = sourcecode.swift; path = SwiftUIAssets.swift; sourceTree = "<group>"; };
		E1A434722DD5018800BDE071 /* RentManagerAPIClient.swift */ = {isa = PBXFileReference; lastKnownFileType = sourcecode.swift; path = RentManagerAPIClient.swift; sourceTree = "<group>"; };
		E1A434732DD5018800BDE071 /* TokenManager.swift */ = {isa = PBXFileReference; lastKnownFileType = sourcecode.swift; path = TokenManager.swift; sourceTree = "<group>"; };
		E1A434742DD5018800BDE071 /* URLBuilder.swift */ = {isa = PBXFileReference; lastKnownFileType = sourcecode.swift; path = URLBuilder.swift; sourceTree = "<group>"; };
		E1A434762DD5018800BDE071 /* LabelManager.swift */ = {isa = PBXFileReference; lastKnownFileType = sourcecode.swift; path = LabelManager.swift; sourceTree = "<group>"; };
		E1A434772DD5018800BDE071 /* PS3877FormManager.swift */ = {isa = PBXFileReference; lastKnownFileType = sourcecode.swift; path = PS3877FormManager.swift; sourceTree = "<group>"; };
		E1A434932DD5018800BDE071 /* Assets.xcassets */ = {isa = PBXFileReference; lastKnownFileType = folder.assetcatalog; path = Assets.xcassets; sourceTree = "<group>"; };
		E1A434962DD5018800BDE071 /* rmProApp.entitlements */ = {isa = PBXFileReference; lastKnownFileType = text.plist.entitlements; path = rmProApp.entitlements; sourceTree = "<group>"; };
		E1A434972DD5018800BDE071 /* rmProAppApp.swift */ = {isa = PBXFileReference; lastKnownFileType = sourcecode.swift; path = rmProAppApp.swift; sourceTree = "<group>"; };
/* End PBXFileReference section */

/* Begin PBXFrameworksBuildPhase section */
		E155012F2C63D252000A0726 /* Frameworks */ = {
			isa = PBXFrameworksBuildPhase;
			buildActionMask = 2147483647;
			files = (
			);
			runOnlyForDeploymentPostprocessing = 0;
		};
/* End PBXFrameworksBuildPhase section */

/* Begin PBXGroup section */
		E11AEB732E7CECB30082FC7B /* Core */ = {
			isa = PBXGroup;
			children = (
				E11AEB6D2E7CECB30082FC7B /* RMLease.swift */,
				E11AEB6E2E7CECB30082FC7B /* RMOccupancyStatus.swift */,
				E11AEB6F2E7CECB30082FC7B /* RMProperty.swift */,
				E11AEB702E7CECB30082FC7B /* RMTenant.swift */,
				E11AEB712E7CECB30082FC7B /* RMUnit.swift */,
				E11AEB722E7CECB30082FC7B /* RMUnitType.swift */,
			);
			path = Core;
			sourceTree = "<group>";
		};
		E11AEB822E7CEDAE0082FC7B /* Supporting */ = {
			isa = PBXGroup;
			children = (
				E11AEB7A2E7CEDAE0082FC7B /* RMAddress.swift */,
				E11AEB7B2E7CEDAE0082FC7B /* RMContact.swift */,
				E11AEB7C2E7CEDAE0082FC7B /* RMLoan.swift */,
				E11AEB7D2E7CEDAE0082FC7B /* RMPhoneNumber.swift */,
				E11AEB7E2E7CEDAE0082FC7B /* RMProspect.swift */,
				E11AEB7F2E7CEDAE0082FC7B /* RMUserDefinedValue.swift */,
				E11AEB802E7CEDAE0082FC7B /* WCLeaseTenant.swift */,
				E11AEB812E7CEDAE0082FC7B /* WCRentIncreaseTenant.swift */,
			);
			path = Supporting;
			sourceTree = "<group>";
		};
		E11AEB8E2E7CEDDF0082FC7B /* Transactions */ = {
			isa = PBXGroup;
			children = (
				E11AEB8B2E7CEDDF0082FC7B /* RMPayment.swift */,
				E11AEB8C2E7CEDDF0082FC7B /* RMPaymentReversal.swift */,
				E11AEB8D2E7CEDDF0082FC7B /* WCTransaction.swift */,
			);
			path = Transactions;
			sourceTree = "<group>";
		};
		E11AEB972E7CEDFF0082FC7B /* Charges */ = {
			isa = PBXGroup;
			children = (
				E11AEB922E7CEDFF0082FC7B /* RMCharge.swift */,
				E11AEB932E7CEDFF0082FC7B /* RMChargeType.swift */,
				E11AEB942E7CEDFF0082FC7B /* RMRecurringCharges.swift */,
				E11AEB952E7CEDFF0082FC7B /* RMRecurringChargesSummary.swift */,
				E11AEB962E7CEDFF0082FC7B /* RMSecurityDepositSummary.swift */,
			);
			path = Charges;
			sourceTree = "<group>";
		};
		E11AEBA02E7CEE660082FC7B /* Parameters */ = {
			isa = PBXGroup;
			children = (
				E11AEB9D2E7CEE660082FC7B /* APIEndpointsFilter.swift */,
				E11AEB9E2E7CEE660082FC7B /* TenantParams.swift */,
				E11AEB9F2E7CEE660082FC7B /* UnitParams.swift */,
			);
			path = Parameters;
			sourceTree = "<group>";
		};
		E11AEBBE2E7CF12B0082FC7B /* RentIncrease */ = {
			isa = PBXGroup;
			children = (
				E11AEBB72E7CF12B0082FC7B /* ContentView.swift */,
				E11AEBB82E7CF12B0082FC7B /* DocumentsView.swift */,
				E11AEBB92E7CF12B0082FC7B /* GetBoxNumbersForUDF.swift */,
				E11AEBBA2E7CF12B0082FC7B /* MailingLabelView.swift */,
				E11AEBBB2E7CF12B0082FC7B /* Rent Increase Notice Home.swift */,
				E11AEBBD2E7CF12B0082FC7B /* ViolationBuilderView.swift */,
			);
			path = RentIncrease;
			sourceTree = "<group>";
		};
		E11AEBC52E7CF12B0082FC7B /* Residents */ = {
			isa = PBXGroup;
			children = (
				E11AEBBF2E7CF12B0082FC7B /* HavenResidentsView.swift */,
				E11AEBC02E7CF12B0082FC7B /* NewRedidentDetail.swift */,
				E11AEBC12E7CF12B0082FC7B /* PembrokeResidentsView.swift */,
				E11AEBC32E7CF12B0082FC7B /* ResidentsHomeView.swift */,
			);
			path = Residents;
			sourceTree = "<group>";
		};
		E11AEBC92E7CF12B0082FC7B /* Root */ = {
			isa = PBXGroup;
			children = (
				E11AEBC62E7CF12B0082FC7B /* HomeView.swift */,
				E11AEBC72E7CF12B0082FC7B /* LoginView.swift */,
				E11AEBC82E7CF12B0082FC7B /* MainAppView.swift */,
			);
			path = Root;
			sourceTree = "<group>";
		};
		E11AEBCD2E7CF12B0082FC7B /* Units */ = {
			isa = PBXGroup;
			children = (
				E11AEBCC2E7CF12B0082FC7B /* UnitsView.swift */,
			);
			path = Units;
			sourceTree = "<group>";
		};
		E11AEBEA2E7CF12B0082FC7B /* Views */ = {
			isa = PBXGroup;
			children = (
				E11AEBBE2E7CF12B0082FC7B /* RentIncrease */,
				E11AEBC52E7CF12B0082FC7B /* Residents */,
				E11AEBC92E7CF12B0082FC7B /* Root */,
				E11AEBCD2E7CF12B0082FC7B /* Units */,
			);
			path = Views;
			sourceTree = "<group>";
		};
		E11AEC232E7CF6270082FC7B /* Templates */ = {
			isa = PBXGroup;
			children = (
				E11AEC212E7CF6270082FC7B /* Avery 5160 Template PDF.pdf */,
				E11AEC222E7CF6270082FC7B /* ps3877.pdf */,
			);
			path = Templates;
			sourceTree = "<group>";
		};
		E11AEC2A2E7CF7610082FC7B /* rmProAppTests */ = {
			isa = PBXGroup;
			children = (
				E11AEC292E7CF7610082FC7B /* rmProAppTests.swift */,
			);
			path = rmProAppTests;
			sourceTree = "<group>";
		};
		E15501292C63D252000A0726 = {
			isa = PBXGroup;
			children = (
				E11AEC2A2E7CF7610082FC7B /* rmProAppTests */,
				E1A434982DD5018800BDE071 /* rmProApp */,
				E161555D2D9D914600F7D658 /* Notes */,
				E15501332C63D252000A0726 /* Products */,
			);
			sourceTree = "<group>";
		};
		E15501332C63D252000A0726 /* Products */ = {
			isa = PBXGroup;
			children = (
				E15501322C63D252000A0726 /* rmProApp.app */,
			);
			name = Products;
			sourceTree = "<group>";
		};
		E1980FBF2E69E83A00B8A386 /* RM Data Manager */ = {
			isa = PBXGroup;
			children = (
				E1980FBD2E69E83A00B8A386 /* TenantDataManager.swift */,
				E1980FBE2E69E83A00B8A386 /* TenantTransactionsManager.swift */,
				E11AEBA42E7CEED60082FC7B /* UnitDataManager.swift */,
			);
			path = "RM Data Manager";
			sourceTree = "<group>";
		};
		E1A4345A2DD5018800BDE071 /* Assets */ = {
			isa = PBXGroup;
			children = (
				E1A434572DD5018800BDE071 /* Color+Ext.swift */,
				E1A434582DD5018800BDE071 /* EncodeDecodeHelpers.swift */,
				E1A434592DD5018800BDE071 /* SwiftUIAssets.swift */,
			);
			path = Assets;
			sourceTree = "<group>";
		};
		E1A434712DD5018800BDE071 /* Models */ = {
			isa = PBXGroup;
			children = (
				E11AEB732E7CECB30082FC7B /* Core */,
				E11AEB822E7CEDAE0082FC7B /* Supporting */,
				E11AEB8E2E7CEDDF0082FC7B /* Transactions */,
				E11AEB972E7CEDFF0082FC7B /* Charges */,
			);
			path = Models;
			sourceTree = "<group>";
		};
		E1A434752DD5018800BDE071 /* Essential API Manager */ = {
			isa = PBXGroup;
			children = (
				E17A7F3F2E5F71E30056B554 /* KeychainService.swift */,
				E1A434722DD5018800BDE071 /* RentManagerAPIClient.swift */,
				E1A434732DD5018800BDE071 /* TokenManager.swift */,
				E1A434742DD5018800BDE071 /* URLBuilder.swift */,
			);
			path = "Essential API Manager";
			sourceTree = "<group>";
		};
		E1A434782DD5018800BDE071 /* Notice Manager */ = {
			isa = PBXGroup;
			children = (
				E1A434762DD5018800BDE071 /* LabelManager.swift */,
				E1A434772DD5018800BDE071 /* PS3877FormManager.swift */,
			);
			path = "Notice Manager";
			sourceTree = "<group>";
		};
		E1A4347C2DD5018800BDE071 /* Networking */ = {
			isa = PBXGroup;
			children = (
				E1980FBF2E69E83A00B8A386 /* RM Data Manager */,
				E1A434752DD5018800BDE071 /* Essential API Manager */,
				E1A434782DD5018800BDE071 /* Notice Manager */,
				E11AEBA02E7CEE660082FC7B /* Parameters */,
			);
			path = Networking;
			sourceTree = "<group>";
		};
		E1A434982DD5018800BDE071 /* rmProApp */ = {
			isa = PBXGroup;
			children = (
				E1A4345A2DD5018800BDE071 /* Assets */,
				E1A434712DD5018800BDE071 /* Models */,
				E1A4347C2DD5018800BDE071 /* Networking */,
				E1A434932DD5018800BDE071 /* Assets.xcassets */,
				E1A434962DD5018800BDE071 /* rmProApp.entitlements */,
				E1A434972DD5018800BDE071 /* rmProAppApp.swift */,
				E11AEBEA2E7CF12B0082FC7B /* Views */,
				E11AEC232E7CF6270082FC7B /* Templates */,
			);
			path = rmProApp;
			sourceTree = "<group>";
		};
/* End PBXGroup section */

/* Begin PBXNativeTarget section */
		E15501312C63D252000A0726 /* rmProApp */ = {
			isa = PBXNativeTarget;
			buildConfigurationList = E15501412C63D253000A0726 /* Build configuration list for PBXNativeTarget "rmProApp" */;
			buildPhases = (
				E155012E2C63D252000A0726 /* Sources */,
				E155012F2C63D252000A0726 /* Frameworks */,
				E15501302C63D252000A0726 /* Resources */,
			);
			buildRules = (
			);
			dependencies = (
			);
			name = rmProApp;
			productName = rmProApp;
			productReference = E15501322C63D252000A0726 /* rmProApp.app */;
			productType = "com.apple.product-type.application";
		};
/* End PBXNativeTarget section */

/* Begin PBXProject section */
		E155012A2C63D252000A0726 /* Project object */ = {
			isa = PBXProject;
			attributes = {
				BuildIndependentTargetsInParallel = 1;
				LastSwiftUpdateCheck = 2600;
				LastUpgradeCheck = 2600;
				TargetAttributes = {
					E15501312C63D252000A0726 = {
						CreatedOnToolsVersion = 15.4;
					};
				};
			};
			buildConfigurationList = E155012D2C63D252000A0726 /* Build configuration list for PBXProject "rmProApp" */;
			compatibilityVersion = "Xcode 14.0";
			developmentRegion = en;
			hasScannedForEncodings = 0;
			knownRegions = (
				en,
				Base,
			);
			mainGroup = E15501292C63D252000A0726;
			productRefGroup = E15501332C63D252000A0726 /* Products */;
			projectDirPath = "";
			projectRoot = "";
			targets = (
				E15501312C63D252000A0726 /* rmProApp */,
			);
		};
/* End PBXProject section */

/* Begin PBXResourcesBuildPhase section */
		E15501302C63D252000A0726 /* Resources */ = {
			isa = PBXResourcesBuildPhase;
			buildActionMask = 2147483647;
			files = (
				E1A434CB2DD5018800BDE071 /* Assets.xcassets in Resources */,
				E11AEC242E7CF6270082FC7B /* ps3877.pdf in Resources */,
				E11AEC252E7CF6270082FC7B /* Avery 5160 Template PDF.pdf in Resources */,
				E161555E2D9D914600F7D658 /* Notes in Resources */,
			);
			runOnlyForDeploymentPostprocessing = 0;
		};
/* End PBXResourcesBuildPhase section */

/* Begin PBXSourcesBuildPhase section */
		E155012E2C63D252000A0726 /* Sources */ = {
			isa = PBXSourcesBuildPhase;
			buildActionMask = 2147483647;
			files = (
				E11AEB742E7CECB30082FC7B /* RMOccupancyStatus.swift in Sources */,
				E11AEB752E7CECB30082FC7B /* RMUnitType.swift in Sources */,
				E11AEB762E7CECB30082FC7B /* RMProperty.swift in Sources */,
				E11AEB772E7CECB30082FC7B /* RMLease.swift in Sources */,
				E11AEB782E7CECB30082FC7B /* RMTenant.swift in Sources */,
				E11AEB792E7CECB30082FC7B /* RMUnit.swift in Sources */,
				E1A434A22DD5018800BDE071 /* URLBuilder.swift in Sources */,
				E11AEB832E7CEDAE0082FC7B /* WCRentIncreaseTenant.swift in Sources */,
				E11AEB842E7CEDAE0082FC7B /* RMLoan.swift in Sources */,
				E11AEB852E7CEDAE0082FC7B /* RMUserDefinedValue.swift in Sources */,
				E11AEB862E7CEDAE0082FC7B /* WCLeaseTenant.swift in Sources */,
				E11AEB872E7CEDAE0082FC7B /* RMPhoneNumber.swift in Sources */,
				E11AEB882E7CEDAE0082FC7B /* RMProspect.swift in Sources */,
				E11AEB892E7CEDAE0082FC7B /* RMAddress.swift in Sources */,
				E11AEB8A2E7CEDAE0082FC7B /* RMContact.swift in Sources */,
				E1A434A82DD5018800BDE071 /* RentManagerAPIClient.swift in Sources */,
				E1980FC02E69E83A00B8A386 /* TenantDataManager.swift in Sources */,
				E1980FC12E69E83A00B8A386 /* TenantTransactionsManager.swift in Sources */,
				E17A7F402E5F71E30056B554 /* KeychainService.swift in Sources */,
				E1A434BB2DD5018800BDE071 /* PS3877FormManager.swift in Sources */,
				E1A434BC2DD5018800BDE071 /* TokenManager.swift in Sources */,
				E11AEB982E7CEDFF0082FC7B /* RMRecurringCharges.swift in Sources */,
				E11AEB992E7CEDFF0082FC7B /* RMRecurringChargesSummary.swift in Sources */,
				E11AEB9A2E7CEDFF0082FC7B /* RMSecurityDepositSummary.swift in Sources */,
				E11AEBA52E7CEED60082FC7B /* UnitDataManager.swift in Sources */,
				E11AEB9B2E7CEDFF0082FC7B /* RMCharge.swift in Sources */,
				E11AEB9C2E7CEDFF0082FC7B /* RMChargeType.swift in Sources */,
				E1A434BE2DD5018800BDE071 /* EncodeDecodeHelpers.swift in Sources */,
				E1A434C12DD5018800BDE071 /* rmProAppApp.swift in Sources */,
				E1A434C72DD5018800BDE071 /* LabelManager.swift in Sources */,
				E1A434C82DD5018800BDE071 /* Color+Ext.swift in Sources */,
				E11AEBEB2E7CF12B0082FC7B /* UnitsView.swift in Sources */,
				E11AEBEF2E7CF12B0082FC7B /* Rent Increase Notice Home.swift in Sources */,
				E11AEBF02E7CF12B0082FC7B /* ContentView.swift in Sources */,
				E11AEBF12E7CF12B0082FC7B /* ViolationBuilderView.swift in Sources */,
				E11AEBF22E7CF12B0082FC7B /* NewRedidentDetail.swift in Sources */,
				E11AEBF72E7CF12B0082FC7B /* ResidentsHomeView.swift in Sources */,
				E11AEBFE2E7CF12B0082FC7B /* MailingLabelView.swift in Sources */,
				E11AEC012E7CF12B0082FC7B /* MainAppView.swift in Sources */,
				E11AEC022E7CF12B0082FC7B /* GetBoxNumbersForUDF.swift in Sources */,
				E11AEC042E7CF12B0082FC7B /* DocumentsView.swift in Sources */,
				E11AEC082E7CF12B0082FC7B /* HavenResidentsView.swift in Sources */,
				E11AEC142E7CF12B0082FC7B /* HomeView.swift in Sources */,
				E11AEC1E2E7CF12B0082FC7B /* PembrokeResidentsView.swift in Sources */,
				E11AEC202E7CF12B0082FC7B /* LoginView.swift in Sources */,
				E11AEBA12E7CEE660082FC7B /* TenantParams.swift in Sources */,
				E11AEBA22E7CEE660082FC7B /* APIEndpointsFilter.swift in Sources */,
				E11AEC2B2E7CF7610082FC7B /* rmProAppTests.swift in Sources */,
				E11AEBA32E7CEE660082FC7B /* UnitParams.swift in Sources */,
				E1A434C92DD5018800BDE071 /* SwiftUIAssets.swift in Sources */,
				E11AEB8F2E7CEDDF0082FC7B /* WCTransaction.swift in Sources */,
				E11AEB902E7CEDDF0082FC7B /* RMPaymentReversal.swift in Sources */,
				E11AEB912E7CEDDF0082FC7B /* RMPayment.swift in Sources */,
			);
			runOnlyForDeploymentPostprocessing = 0;
		};
/* End PBXSourcesBuildPhase section */

/* Begin XCBuildConfiguration section */
		E155013F2C63D253000A0726 /* Debug */ = {
			isa = XCBuildConfiguration;
			buildSettings = {
				ALWAYS_SEARCH_USER_PATHS = NO;
				ASSETCATALOG_COMPILER_GENERATE_SWIFT_ASSET_SYMBOL_EXTENSIONS = YES;
				CLANG_ANALYZER_NONNULL = YES;
				CLANG_ANALYZER_NUMBER_OBJECT_CONVERSION = YES_AGGRESSIVE;
				CLANG_CXX_LANGUAGE_STANDARD = "gnu++20";
				CLANG_ENABLE_MODULES = YES;
				CLANG_ENABLE_OBJC_ARC = YES;
				CLANG_ENABLE_OBJC_WEAK = YES;
				CLANG_WARN_BLOCK_CAPTURE_AUTORELEASING = YES;
				CLANG_WARN_BOOL_CONVERSION = YES;
				CLANG_WARN_COMMA = YES;
				CLANG_WARN_CONSTANT_CONVERSION = YES;
				CLANG_WARN_DEPRECATED_OBJC_IMPLEMENTATIONS = YES;
				CLANG_WARN_DIRECT_OBJC_ISA_USAGE = YES_ERROR;
				CLANG_WARN_DOCUMENTATION_COMMENTS = YES;
				CLANG_WARN_EMPTY_BODY = YES;
				CLANG_WARN_ENUM_CONVERSION = YES;
				CLANG_WARN_INFINITE_RECURSION = YES;
				CLANG_WARN_INT_CONVERSION = YES;
				CLANG_WARN_NON_LITERAL_NULL_CONVERSION = YES;
				CLANG_WARN_OBJC_IMPLICIT_RETAIN_SELF = YES;
				CLANG_WARN_OBJC_LITERAL_CONVERSION = YES;
				CLANG_WARN_OBJC_ROOT_CLASS = YES_ERROR;
				CLANG_WARN_QUOTED_INCLUDE_IN_FRAMEWORK_HEADER = YES;
				CLANG_WARN_RANGE_LOOP_ANALYSIS = YES;
				CLANG_WARN_STRICT_PROTOTYPES = YES;
				CLANG_WARN_SUSPICIOUS_MOVE = YES;
				CLANG_WARN_UNGUARDED_AVAILABILITY = YES_AGGRESSIVE;
				CLANG_WARN_UNREACHABLE_CODE = YES;
				CLANG_WARN__DUPLICATE_METHOD_MATCH = YES;
				COPY_PHASE_STRIP = NO;
				DEAD_CODE_STRIPPING = YES;
				DEBUG_INFORMATION_FORMAT = dwarf;
				DEVELOPMENT_TEAM = 4QM78MLWEF;
				ENABLE_STRICT_OBJC_MSGSEND = YES;
				ENABLE_TESTABILITY = YES;
				ENABLE_USER_SCRIPT_SANDBOXING = YES;
				GCC_C_LANGUAGE_STANDARD = gnu17;
				GCC_DYNAMIC_NO_PIC = NO;
				GCC_NO_COMMON_BLOCKS = YES;
				GCC_OPTIMIZATION_LEVEL = 0;
				GCC_PREPROCESSOR_DEFINITIONS = (
					"DEBUG=1",
					"$(inherited)",
				);
				GCC_WARN_64_TO_32_BIT_CONVERSION = YES;
				GCC_WARN_ABOUT_RETURN_TYPE = YES_ERROR;
				GCC_WARN_UNDECLARED_SELECTOR = YES;
				GCC_WARN_UNINITIALIZED_AUTOS = YES_AGGRESSIVE;
				GCC_WARN_UNUSED_FUNCTION = YES;
				GCC_WARN_UNUSED_VARIABLE = YES;
				LOCALIZATION_PREFERS_STRING_CATALOGS = YES;
				MTL_ENABLE_DEBUG_INFO = INCLUDE_SOURCE;
				MTL_FAST_MATH = YES;
				ONLY_ACTIVE_ARCH = YES;
				STRING_CATALOG_GENERATE_SYMBOLS = YES;
				SWIFT_ACTIVE_COMPILATION_CONDITIONS = "DEBUG $(inherited)";
				SWIFT_OPTIMIZATION_LEVEL = "-Onone";
			};
			name = Debug;
		};
		E15501402C63D253000A0726 /* Release */ = {
			isa = XCBuildConfiguration;
			buildSettings = {
				ALWAYS_SEARCH_USER_PATHS = NO;
				ASSETCATALOG_COMPILER_GENERATE_SWIFT_ASSET_SYMBOL_EXTENSIONS = YES;
				CLANG_ANALYZER_NONNULL = YES;
				CLANG_ANALYZER_NUMBER_OBJECT_CONVERSION = YES_AGGRESSIVE;
				CLANG_CXX_LANGUAGE_STANDARD = "gnu++20";
				CLANG_ENABLE_MODULES = YES;
				CLANG_ENABLE_OBJC_ARC = YES;
				CLANG_ENABLE_OBJC_WEAK = YES;
				CLANG_WARN_BLOCK_CAPTURE_AUTORELEASING = YES;
				CLANG_WARN_BOOL_CONVERSION = YES;
				CLANG_WARN_COMMA = YES;
				CLANG_WARN_CONSTANT_CONVERSION = YES;
				CLANG_WARN_DEPRECATED_OBJC_IMPLEMENTATIONS = YES;
				CLANG_WARN_DIRECT_OBJC_ISA_USAGE = YES_ERROR;
				CLANG_WARN_DOCUMENTATION_COMMENTS = YES;
				CLANG_WARN_EMPTY_BODY = YES;
				CLANG_WARN_ENUM_CONVERSION = YES;
				CLANG_WARN_INFINITE_RECURSION = YES;
				CLANG_WARN_INT_CONVERSION = YES;
				CLANG_WARN_NON_LITERAL_NULL_CONVERSION = YES;
				CLANG_WARN_OBJC_IMPLICIT_RETAIN_SELF = YES;
				CLANG_WARN_OBJC_LITERAL_CONVERSION = YES;
				CLANG_WARN_OBJC_ROOT_CLASS = YES_ERROR;
				CLANG_WARN_QUOTED_INCLUDE_IN_FRAMEWORK_HEADER = YES;
				CLANG_WARN_RANGE_LOOP_ANALYSIS = YES;
				CLANG_WARN_STRICT_PROTOTYPES = YES;
				CLANG_WARN_SUSPICIOUS_MOVE = YES;
				CLANG_WARN_UNGUARDED_AVAILABILITY = YES_AGGRESSIVE;
				CLANG_WARN_UNREACHABLE_CODE = YES;
				CLANG_WARN__DUPLICATE_METHOD_MATCH = YES;
				COPY_PHASE_STRIP = NO;
				DEAD_CODE_STRIPPING = YES;
				DEBUG_INFORMATION_FORMAT = "dwarf-with-dsym";
				DEVELOPMENT_TEAM = 4QM78MLWEF;
				ENABLE_NS_ASSERTIONS = NO;
				ENABLE_STRICT_OBJC_MSGSEND = YES;
				ENABLE_USER_SCRIPT_SANDBOXING = YES;
				GCC_C_LANGUAGE_STANDARD = gnu17;
				GCC_NO_COMMON_BLOCKS = YES;
				GCC_WARN_64_TO_32_BIT_CONVERSION = YES;
				GCC_WARN_ABOUT_RETURN_TYPE = YES_ERROR;
				GCC_WARN_UNDECLARED_SELECTOR = YES;
				GCC_WARN_UNINITIALIZED_AUTOS = YES_AGGRESSIVE;
				GCC_WARN_UNUSED_FUNCTION = YES;
				GCC_WARN_UNUSED_VARIABLE = YES;
				LOCALIZATION_PREFERS_STRING_CATALOGS = YES;
				MTL_ENABLE_DEBUG_INFO = NO;
				MTL_FAST_MATH = YES;
				STRING_CATALOG_GENERATE_SYMBOLS = YES;
				SWIFT_COMPILATION_MODE = wholemodule;
			};
			name = Release;
		};
		E15501422C63D253000A0726 /* Debug */ = {
			isa = XCBuildConfiguration;
			buildSettings = {
				ASSETCATALOG_COMPILER_APPICON_NAME = AppIcon;
				ASSETCATALOG_COMPILER_GLOBAL_ACCENT_COLOR_NAME = AccentColor;
				CODE_SIGN_ENTITLEMENTS = rmProApp/rmProApp.entitlements;
				CODE_SIGN_STYLE = Automatic;
				CURRENT_PROJECT_VERSION = 1;
				DEAD_CODE_STRIPPING = YES;
				ENABLE_APP_SANDBOX = YES;
				ENABLE_HARDENED_RUNTIME = YES;
				ENABLE_PREVIEWS = YES;
				ENABLE_USER_SELECTED_FILES = readonly;
				GENERATE_INFOPLIST_FILE = YES;
				"INFOPLIST_KEY_UIApplicationSceneManifest_Generation[sdk=iphoneos*]" = YES;
				"INFOPLIST_KEY_UIApplicationSceneManifest_Generation[sdk=iphonesimulator*]" = YES;
				"INFOPLIST_KEY_UIApplicationSupportsIndirectInputEvents[sdk=iphoneos*]" = YES;
				"INFOPLIST_KEY_UIApplicationSupportsIndirectInputEvents[sdk=iphonesimulator*]" = YES;
				"INFOPLIST_KEY_UILaunchScreen_Generation[sdk=iphoneos*]" = YES;
				"INFOPLIST_KEY_UILaunchScreen_Generation[sdk=iphonesimulator*]" = YES;
				"INFOPLIST_KEY_UIStatusBarStyle[sdk=iphoneos*]" = UIStatusBarStyleDefault;
				"INFOPLIST_KEY_UIStatusBarStyle[sdk=iphonesimulator*]" = UIStatusBarStyleDefault;
				INFOPLIST_KEY_UISupportedInterfaceOrientations_iPad = "UIInterfaceOrientationPortrait UIInterfaceOrientationPortraitUpsideDown UIInterfaceOrientationLandscapeLeft UIInterfaceOrientationLandscapeRight";
				INFOPLIST_KEY_UISupportedInterfaceOrientations_iPhone = "UIInterfaceOrientationPortrait UIInterfaceOrientationLandscapeLeft UIInterfaceOrientationLandscapeRight";
				IPHONEOS_DEPLOYMENT_TARGET = 17.6;
				LD_RUNPATH_SEARCH_PATHS = "@executable_path/Frameworks";
				"LD_RUNPATH_SEARCH_PATHS[sdk=macosx*]" = "@executable_path/../Frameworks";
				MACOSX_DEPLOYMENT_TARGET = 15.6;
				MARKETING_VERSION = 1.0;
				PRODUCT_BUNDLE_IDENTIFIER = wctech.rmProApp;
				PRODUCT_NAME = "$(TARGET_NAME)";
				SDKROOT = auto;
				SUPPORTED_PLATFORMS = "iphoneos iphonesimulator macosx";
				SWIFT_EMIT_LOC_STRINGS = YES;
				SWIFT_VERSION = 5.0;
				TARGETED_DEVICE_FAMILY = "1,2";
			};
			name = Debug;
		};
		E15501432C63D253000A0726 /* Release */ = {
			isa = XCBuildConfiguration;
			buildSettings = {
				ASSETCATALOG_COMPILER_APPICON_NAME = AppIcon;
				ASSETCATALOG_COMPILER_GLOBAL_ACCENT_COLOR_NAME = AccentColor;
				CODE_SIGN_ENTITLEMENTS = rmProApp/rmProApp.entitlements;
				CODE_SIGN_STYLE = Automatic;
				CURRENT_PROJECT_VERSION = 1;
				DEAD_CODE_STRIPPING = YES;
				DEVELOPMENT_ASSET_PATHS = "\"rmProApp/Preview Content\"";
				ENABLE_APP_SANDBOX = YES;
				ENABLE_HARDENED_RUNTIME = YES;
				ENABLE_PREVIEWS = YES;
				ENABLE_USER_SELECTED_FILES = readonly;
				GENERATE_INFOPLIST_FILE = YES;
				"INFOPLIST_KEY_UIApplicationSceneManifest_Generation[sdk=iphoneos*]" = YES;
				"INFOPLIST_KEY_UIApplicationSceneManifest_Generation[sdk=iphonesimulator*]" = YES;
				"INFOPLIST_KEY_UIApplicationSupportsIndirectInputEvents[sdk=iphoneos*]" = YES;
				"INFOPLIST_KEY_UIApplicationSupportsIndirectInputEvents[sdk=iphonesimulator*]" = YES;
				"INFOPLIST_KEY_UILaunchScreen_Generation[sdk=iphoneos*]" = YES;
				"INFOPLIST_KEY_UILaunchScreen_Generation[sdk=iphonesimulator*]" = YES;
				"INFOPLIST_KEY_UIStatusBarStyle[sdk=iphoneos*]" = UIStatusBarStyleDefault;
				"INFOPLIST_KEY_UIStatusBarStyle[sdk=iphonesimulator*]" = UIStatusBarStyleDefault;
				INFOPLIST_KEY_UISupportedInterfaceOrientations_iPad = "UIInterfaceOrientationPortrait UIInterfaceOrientationPortraitUpsideDown UIInterfaceOrientationLandscapeLeft UIInterfaceOrientationLandscapeRight";
				INFOPLIST_KEY_UISupportedInterfaceOrientations_iPhone = "UIInterfaceOrientationPortrait UIInterfaceOrientationLandscapeLeft UIInterfaceOrientationLandscapeRight";
				IPHONEOS_DEPLOYMENT_TARGET = 17.6;
				LD_RUNPATH_SEARCH_PATHS = "@executable_path/Frameworks";
				"LD_RUNPATH_SEARCH_PATHS[sdk=macosx*]" = "@executable_path/../Frameworks";
				MACOSX_DEPLOYMENT_TARGET = 15.6;
				MARKETING_VERSION = 1.0;
				PRODUCT_BUNDLE_IDENTIFIER = wctech.rmProApp;
				PRODUCT_NAME = "$(TARGET_NAME)";
				SDKROOT = auto;
				SUPPORTED_PLATFORMS = "iphoneos iphonesimulator macosx";
				SWIFT_EMIT_LOC_STRINGS = YES;
				SWIFT_VERSION = 5.0;
				TARGETED_DEVICE_FAMILY = "1,2";
			};
			name = Release;
		};
/* End XCBuildConfiguration section */

/* Begin XCConfigurationList section */
		E155012D2C63D252000A0726 /* Build configuration list for PBXProject "rmProApp" */ = {
			isa = XCConfigurationList;
			buildConfigurations = (
				E155013F2C63D253000A0726 /* Debug */,
				E15501402C63D253000A0726 /* Release */,
			);
			defaultConfigurationIsVisible = 0;
			defaultConfigurationName = Release;
		};
		E15501412C63D253000A0726 /* Build configuration list for PBXNativeTarget "rmProApp" */ = {
			isa = XCConfigurationList;
			buildConfigurations = (
				E15501422C63D253000A0726 /* Debug */,
				E15501432C63D253000A0726 /* Release */,
			);
			defaultConfigurationIsVisible = 0;
			defaultConfigurationName = Release;
		};
/* End XCConfigurationList section */
	};
	rootObject = E155012A2C63D252000A0726 /* Project object */;
}
